# This file is generated by running "yarn install" inside your project.
# Manual changes might be lost - proceed with caution!

__metadata:
  version: 10
  cacheKey: 10c0

"@esbuild/aix-ppc64@npm:0.28.2":
  version: 0.28.2
  resolution: "@esbuild/aix-ppc64@npm:0.28.2"
  conditions: os=aix & cpu=ppc64
  languageName: node
  linkType: hard

"@esbuild/android-arm64@npm:0.28.2":
  version: 0.28.2
  resolution: "@esbuild/android-arm64@npm:0.28.2"
  conditions: os=android & cpu=arm64
  languageName: node
  linkType: hard

"@esbuild/android-arm@npm:0.28.2":
  version: 0.28.2
  resolution: "@esbuild/android-arm@npm:0.28.2"
  conditions: os=android & cpu=arm
  languageName: node
  linkType: hard

"@esbuild/android-x64@npm:0.28.2":
  version: 0.28.2
  resolution: "@esbuild/android-x64@npm:0.28.2"
  conditions: os=android & cpu=x64
  languageName: node
  linkType: hard

"@esbuild/darwin-arm64@npm:0.28.2":
  version: 0.28.2
  resolution: "@esbuild/darwin-arm64@npm:0.28.2"
  conditions: os=darwin & cpu=arm64
  languageName: node
  linkType: hard

"@esbuild/darwin-x64@npm:0.28.2":
  version: 0.28.2
  resolution: "@esbuild/darwin-x64@npm:0.28.2"
  conditions: os=darwin & cpu=x64
  languageName: node
  linkType: hard

"@esbuild/freebsd-arm64@npm:0.28.2":
  version: 0.28.2
  resolution: "@esbuild/freebsd-arm64@npm:0.28.2"
  conditions: os=freebsd & cpu=arm64
  languageName: node
  linkType: hard

"@esbuild/freebsd-x64@npm:0.28.2":
  version: 0.28.2
  resolution: "@esbuild/freebsd-x64@npm:0.28.2"
  conditions: os=freebsd & cpu=x64
  languageName: node
  linkType: hard

"@esbuild/linux-arm64@npm:0.28.2":
  version: 0.28.2
  resolution: "@esbuild/linux-arm64@npm:0.28.2"
  conditions: os=linux & cpu=arm64
  languageName: node
  linkType: hard

"@esbuild/linux-arm@npm:0.28.2":
  version: 0.28.2
  resolution: "@esbuild/linux-arm@npm:0.28.2"
  conditions: os=linux & cpu=arm
  languageName: node
  linkType: hard

"@esbuild/linux-ia32@npm:0.28.2":
  version: 0.28.2
  resolution: "@esbuild/linux-ia32@npm:0.28.2"
  conditions: os=linux & cpu=ia32
  languageName: node
  linkType: hard

"@esbuild/linux-loong64@npm:0.28.2":
  version: 0.28.2
  resolution: "@esbuild/linux-loong64@npm:0.28.2"
  conditions: os=linux & cpu=loong64
  languageName: node
  linkType: hard

"@esbuild/linux-mips64el@npm:0.28.2":
  version: 0.28.2
  resolution: "@esbuild/linux-mips64el@npm:0.28.2"
  conditions: os=linux & cpu=mips64el
  languageName: node
  linkType: hard

"@esbuild/linux-ppc64@npm:0.28.2":
  version: 0.28.2
  resolution: "@esbuild/linux-ppc64@npm:0.28.2"
  conditions: os=linux & cpu=ppc64
  languageName: node
  linkType: hard

"@esbuild/linux-riscv64@npm:0.28.2":
  version: 0.28.2
  resolution: "@esbuild/linux-riscv64@npm:0.28.2"
  conditions: os=linux & cpu=riscv64
  languageName: node
  linkType: hard

"@esbuild/linux-s390x@npm:0.28.2":
  version: 0.28.2
  resolution: "@esbuild/linux-s390x@npm:0.28.2"
  conditions: os=linux & cpu=s390x
  languageName: node
  linkType: hard

"@esbuild/linux-x64@npm:0.28.2":
  version: 0.28.2
  resolution: "@esbuild/linux-x64@npm:0.28.2"
  conditions: os=linux & cpu=x64
  languageName: node
  linkType: hard

"@esbuild/netbsd-arm64@npm:0.28.2":
  version: 0.28.2
  resolution: "@esbuild/netbsd-arm64@npm:0.28.2"
  conditions: os=netbsd & cpu=arm64
  languageName: node
  linkType: hard

"@esbuild/netbsd-x64@npm:0.28.2":
  version: 0.28.2
  resolution: "@esbuild/netbsd-x64@npm:0.28.2"
  conditions: os=netbsd & cpu=x64
  languageName: node
  linkType: hard

"@esbuild/openbsd-arm64@npm:0.28.2":
  version: 0.28.2
  resolution: "@esbuild/openbsd-arm64@npm:0.28.2"
  conditions: os=openbsd & cpu=arm64
  languageName: node
  linkType: hard

"@esbuild/openbsd-x64@npm:0.28.2":
  version: 0.28.2
  resolution: "@esbuild/openbsd-x64@npm:0.28.2"
  conditions: os=openbsd & cpu=x64
  languageName: node
  linkType: hard

"@esbuild/openharmony-arm64@npm:0.28.2":
  version: 0.28.2
  resolution: "@esbuild/openharmony-arm64@npm:0.28.2"
  conditions: os=openharmony & cpu=arm64
  languageName: node
  linkType: hard

"@esbuild/sunos-x64@npm:0.28.2":
  version: 0.28.2
  resolution: "@esbuild/sunos-x64@npm:0.28.2"
  conditions: os=sunos & cpu=x64
  languageName: node
  linkType: hard

"@esbuild/win32-arm64@npm:0.28.2":
  version: 0.28.2
  resolution: "@esbuild/win32-arm64@npm:0.28.2"
  conditions: os=win32 & cpu=arm64
  languageName: node
  linkType: hard

"@esbuild/win32-ia32@npm:0.28.2":
  version: 0.28.2
  resolution: "@esbuild/win32-ia32@npm:0.28.2"
  conditions: os=win32 & cpu=ia32
  languageName: node
  linkType: hard

"@esbuild/win32-x64@npm:0.28.2":
  version: 0.28.2
  resolution: "@esbuild/win32-x64@npm:0.28.2"
  conditions: os=win32 & cpu=x64
  languageName: node
  linkType: hard

"@gar/promise-retry@npm:^1.0.0":
  version: 1.0.3
  resolution: "@gar/promise-retry@npm:1.0.3"
  checksum: 10c0/885b02c8b0d75b2d215da25f3b639158c4fbe8fefe0d79163304534b9a6d0710db4b7699f7cd3cc1a730792bff04cbe19f4850a62d3e105a663eaeec88f38332
  languageName: node
  linkType: hard

"@isaacs/fs-minipass@npm:^4.0.0":
  version: 4.0.1
  resolution: "@isaacs/fs-minipass@npm:4.0.1"
  dependencies:
    minipass: "npm:^7.0.4"
  checksum: 10c0/c25b6dc1598790d5b55c0947a9b7d111cfa92594db5296c3b907e2f533c033666f692a3939eadac17b1c7c40d362d0b0635dc874cbfe3e70db7c2b07cc97a5d2
  languageName: node
  linkType: hard

"@npmcli/agent@npm:^4.0.0":
  version: 4.0.0
  resolution: "@npmcli/agent@npm:4.0.0"
  dependencies:
    agent-base: "npm:^7.1.0"
    http-proxy-agent: "npm:^7.0.0"
    https-proxy-agent: "npm:^7.0.1"
    lru-cache: "npm:^11.2.1"
    socks-proxy-agent: "npm:^8.0.3"
  checksum: 10c0/f7b5ce0f3dd42c3f8c6546e8433573d8049f67ef11ec22aa4704bc41483122f68bf97752e06302c455ead667af5cb753e6a09bff06632bc465c1cfd4c4b75a53
  languageName: node
  linkType: hard

"@npmcli/fs@npm:^5.0.0":
  version: 5.0.0
  resolution: "@npmcli/fs@npm:5.0.0"
  dependencies:
    semver: "npm:^7.3.5"
  checksum: 10c0/26e376d780f60ff16e874a0ac9bc3399186846baae0b6e1352286385ac134d900cc5dafaded77f38d77f86898fc923ae1cee9d7399f0275b1aa24878915d722b
  languageName: node
  linkType: hard

"@npmcli/redact@npm:^4.0.0":
  version: 4.0.0
  resolution: "@npmcli/redact@npm:4.0.0"
  checksum: 10c0/a1e9ba9c70a6b40e175bda2c3dd8cfdaf096e6b7f7a132c855c083c8dfe545c3237cd56702e2e6627a580b1d63373599d49a1192c4078a85bf47bbde824df31c
  languageName: node
  linkType: hard

"@puppeteer/browsers@npm:3.2.2":
  version: 3.2.2
  resolution: "@puppeteer/browsers@npm:3.2.2"
  dependencies:
    modern-tar: "npm:^0.8.4"
    yargs: "npm:^18.0.0"
  peerDependencies:
    proxy-agent: ">=8.0.1"
    yauzl: ^2.10.0 || ^3.4.0
  peerDependenciesMeta:
    proxy-agent:
      optional: true
    yauzl:
      optional: true
  bin:
    browsers: lib/main-cli.js
  checksum: 10c0/c26a8c4669ccc5a3a29a1879fd9f68d6af88ea09d6678f0d4405950fa5a13298badbd59c69a777418e60f62898777ec0859fff01e2912568f4d5b660d6dd46f3
  languageName: node
  linkType: hard

"@types/node@npm:^24.13.4":
  version: 24.13.4
  resolution: "@types/node@npm:24.13.4"
  dependencies:
    undici-types: "npm:~7.18.0"
  checksum: 10c0/a12196e984cb09ead549651217b4b395961ea011f3a3791a9f78311d70b5f3be343c6fc935376553c06a34c14d963d4f637ad7829837b0c88cf441919f422893
  languageName: node
  linkType: hard

"@typescript/typescript-aix-ppc64@npm:7.0.2":
  version: 7.0.2
  resolution: "@typescript/typescript-aix-ppc64@npm:7.0.2"
  conditions: os=aix & cpu=ppc64
  languageName: node
  linkType: hard

"@typescript/typescript-darwin-arm64@npm:7.0.2":
  version: 7.0.2
  resolution: "@typescript/typescript-darwin-arm64@npm:7.0.2"
  conditions: os=darwin & cpu=arm64
  languageName: node
  linkType: hard

"@typescript/typescript-darwin-x64@npm:7.0.2":
  version: 7.0.2
  resolution: "@typescript/typescript-darwin-x64@npm:7.0.2"
  conditions: os=darwin & cpu=x64
  languageName: node
  linkType: hard

"@typescript/typescript-freebsd-arm64@npm:7.0.2":
  version: 7.0.2
  resolution: "@typescript/typescript-freebsd-arm64@npm:7.0.2"
  conditions: os=freebsd & cpu=arm64
  languageName: node
  linkType: hard

"@typescript/typescript-freebsd-x64@npm:7.0.2":
  version: 7.0.2
  resolution: "@typescript/typescript-freebsd-x64@npm:7.0.2"
  conditions: os=freebsd & cpu=x64
  languageName: node
  linkType: hard

"@typescript/typescript-linux-arm64@npm:7.0.2":
  version: 7.0.2
  resolution: "@typescript/typescript-linux-arm64@npm:7.0.2"
  conditions: os=linux & cpu=arm64
  languageName: node
  linkType: hard

"@typescript/typescript-linux-arm@npm:7.0.2":
  version: 7.0.2
  resolution: "@typescript/typescript-linux-arm@npm:7.0.2"
  conditions: os=linux & cpu=arm
  languageName: node
  linkType: hard

"@typescript/typescript-linux-loong64@npm:7.0.2":
  version: 7.0.2
  resolution: "@typescript/typescript-linux-loong64@npm:7.0.2"
  conditions: os=linux & cpu=loong64
  languageName: node
  linkType: hard

"@typescript/typescript-linux-mips64el@npm:7.0.2":
  version: 7.0.2
  resolution: "@typescript/typescript-linux-mips64el@npm:7.0.2"
  conditions: os=linux & cpu=mips64el
  languageName: node
  linkType: hard

"@typescript/typescript-linux-ppc64@npm:7.0.2":
  version: 7.0.2
  resolution: "@typescript/typescript-linux-ppc64@npm:7.0.2"
  conditions: os=linux & cpu=ppc64
  languageName: node
  linkType: hard

"@typescript/typescript-linux-riscv64@npm:7.0.2":
  version: 7.0.2
  resolution: "@typescript/typescript-linux-riscv64@npm:7.0.2"
  conditions: os=linux & cpu=riscv64
  languageName: node
  linkType: hard

"@typescript/typescript-linux-s390x@npm:7.0.2":
  version: 7.0.2
  resolution: "@typescript/typescript-linux-s390x@npm:7.0.2"
  conditions: os=linux & cpu=s390x
  languageName: node
  linkType: hard

"@typescript/typescript-linux-x64@npm:7.0.2":
  version: 7.0.2
  resolution: "@typescript/typescript-linux-x64@npm:7.0.2"
  conditions: os=linux & cpu=x64
  languageName: node
  linkType: hard

"@typescript/typescript-netbsd-arm64@npm:7.0.2":
  version: 7.0.2
  resolution: "@typescript/typescript-netbsd-arm64@npm:7.0.2"
  conditions: os=netbsd & cpu=arm64
  languageName: node
  linkType: hard

"@typescript/typescript-netbsd-x64@npm:7.0.2":
  version: 7.0.2
  resolution: "@typescript/typescript-netbsd-x64@npm:7.0.2"
  conditions: os=netbsd & cpu=x64
  languageName: node
  linkType: hard

"@typescript/typescript-openbsd-arm64@npm:7.0.2":
  version: 7.0.2
  resolution: "@typescript/typescript-openbsd-arm64@npm:7.0.2"
  conditions: os=openbsd & cpu=arm64
  languageName: node
  linkType: hard

"@typescript/typescript-openbsd-x64@npm:7.0.2":
  version: 7.0.2
  resolution: "@typescript/typescript-openbsd-x64@npm:7.0.2"
  conditions: os=openbsd & cpu=x64
  languageName: node
  linkType: hard

"@typescript/typescript-sunos-x64@npm:7.0.2":
  version: 7.0.2
  resolution: "@typescript/typescript-sunos-x64@npm:7.0.2"
  conditions: os=sunos & cpu=x64
  languageName: node
  linkType: hard

"@typescript/typescript-win32-arm64@npm:7.0.2":
  version: 7.0.2
  resolution: "@typescript/typescript-win32-arm64@npm:7.0.2"
  conditions: os=win32 & cpu=arm64
  languageName: node
  linkType: hard

"@typescript/typescript-win32-x64@npm:7.0.2":
  version: 7.0.2
  resolution: "@typescript/typescript-win32-x64@npm:7.0.2"
  conditions: os=win32 & cpu=x64
  languageName: node
  linkType: hard

"abbrev@npm:^4.0.0":
  version: 4.0.0
  resolution: "abbrev@npm:4.0.0"
  checksum: 10c0/b4cc16935235e80702fc90192e349e32f8ef0ed151ef506aa78c81a7c455ec18375c4125414b99f84b2e055199d66383e787675f0bcd87da7a4dbd59f9eac1d5
  languageName: node
  linkType: hard

"agent-base@npm:^7.1.0, agent-base@npm:^7.1.2":
  version: 7.1.4
  resolution: "agent-base@npm:7.1.4"
  checksum: 10c0/c2c9ab7599692d594b6a161559ada307b7a624fa4c7b03e3afdb5a5e31cd0e53269115b620fcab024c5ac6a6f37fa5eb2e004f076ad30f5f7e6b8b671f7b35fe
  languageName: node
  linkType: hard

"ansi-regex@npm:^6.2.2":
  version: 6.3.0
  resolution: "ansi-regex@npm:6.3.0"
  checksum: 10c0/bc047786d0531f1f22d1e22e9863e8554488a399f1ee5270b753efa6de938a788d27456f2b256770f11fdd8b1e847483bc1b55ddc2b3ffe82ec45c875292c651
  languageName: node
  linkType: hard

"ansi-styles@npm:^6.2.1":
  version: 6.2.3
  resolution: "ansi-styles@npm:6.2.3"
  checksum: 10c0/23b8a4ce14e18fb854693b95351e286b771d23d8844057ed2e7d083cd3e708376c3323707ec6a24365f7d7eda3ca00327fe04092e29e551499ec4c8b7bfac868
  languageName: node
  linkType: hard

"balanced-match@npm:^4.0.2":
  version: 4.0.4
  resolution: "balanced-match@npm:4.0.4"
  checksum: 10c0/07e86102a3eb2ee2a6a1a89164f29d0dbaebd28f2ca3f5ca786f36b8b23d9e417eb3be45a4acf754f837be5ac0a2317de90d3fcb7f4f4dc95720a1f36b26a17b
  languageName: node
  linkType: hard

"brace-expansion@npm:^5.0.2":
  version: 5.0.12
  resolution: "brace-expansion@npm:5.0.12"
  dependencies:
    balanced-match: "npm:^4.0.2"
  checksum: 10c0/a40ac64d3bdb5bb222456514d3633c1f627f03b844f509c69e70f98b78be0ce85e21b44bbfecdd0ddd4cc0855ca4242b41ea96ddccf88c7c3c7a84405474bb3a
  languageName: node
  linkType: hard

"cacache@npm:^20.0.1":
  version: 20.0.4
  resolution: "cacache@npm:20.0.4"
  dependencies:
    "@npmcli/fs": "npm:^5.0.0"
    fs-minipass: "npm:^3.0.0"
    glob: "npm:^13.0.0"
    lru-cache: "npm:^11.1.0"
    minipass: "npm:^7.0.3"
    minipass-collect: "npm:^2.0.1"
    minipass-flush: "npm:^1.0.5"
    minipass-pipeline: "npm:^1.2.4"
    p-map: "npm:^7.0.2"
    ssri: "npm:^13.0.0"
  checksum: 10c0/539bf4020e44ba9ca5afc2ec435623ed7e0dd80c020097677e6b4a0545df5cc9d20b473212d01209c8b4aea43c0d095af0bb6da97bcb991642ea6fac0d7c462b
  languageName: node
  linkType: hard

"chownr@npm:^3.0.0":
  version: 3.0.0
  resolution: "chownr@npm:3.0.0"
  checksum: 10c0/43925b87700f7e3893296c8e9c56cc58f926411cce3a6e5898136daaf08f08b9a8eb76d37d3267e707d0dcc17aed2e2ebdf5848c0c3ce95cf910a919935c1b10
  languageName: node
  linkType: hard

"chromium-bidi@npm:17.0.2":
  version: 17.0.2
  resolution: "chromium-bidi@npm:17.0.2"
  dependencies:
    mitt: "npm:^3.0.1"
    zod: "npm:^3.24.1"
  peerDependencies:
    devtools-protocol: "*"
  checksum: 10c0/cc1fcbdf2309f2f0083096c78a299342918c6dc8e80158487aada8e2ee73160ed7301bb54c5520274e4514f2a14f05e45d730a536e0a95f2e204dd8bf42eebee
  languageName: node
  linkType: hard

"cliui@npm:^9.0.1":
  version: 9.0.1
  resolution: "cliui@npm:9.0.1"
  dependencies:
    string-width: "npm:^7.2.0"
    strip-ansi: "npm:^7.1.0"
    wrap-ansi: "npm:^9.0.0"
  checksum: 10c0/13441832e9efe7c7a76bd2b8e683555c478d461a9f249dc5db9b17fe8d4b47fa9277b503914b90bd00e4a151abb6b9b02b2288972ffe2e5e3ca40bcb1c2330d3
  languageName: node
  linkType: hard

"debug@npm:4, debug@npm:^4.3.4":
  version: 4.4.3
  resolution: "debug@npm:4.4.3"
  dependencies:
    ms: "npm:^2.1.3"
  peerDependenciesMeta:
    supports-color:
      optional: true
  checksum: 10c0/d79136ec6c83ecbefd0f6a5593da6a9c91ec4d7ddc4b54c883d6e71ec9accb5f67a1a5e96d00a328196b5b5c86d365e98d8a3a70856aaf16b4e7b1985e67f5a6
  languageName: node
  linkType: hard

"dev-quotes@workspace:.":
  version: 0.0.0-use.local
  resolution: "dev-quotes@workspace:."
  dependencies:
    "@types/node": "npm:^24.13.4"
    prettier: "npm:^3.9.6"
    puppeteer: "npm:^25.11.0"
    tsx: "npm:^4.23.13"
    typescript: "npm:^7.0.2"
  languageName: unknown
  linkType: soft

"devtools-protocol@npm:0.0.1680125":
  version: 0.0.1680125
  resolution: "devtools-protocol@npm:0.0.1680125"
  checksum: 10c0/d411f21d755acd8b293537d2e9e929fd96e7d8dd1c370f293637c5fedd9cab83a6f3303db5915bad756e21d2955dfc232aad93b891fe0118b7af51aeaebfeeb9
  languageName: node
  linkType: hard

"emoji-regex@npm:^10.3.0":
  version: 10.6.0
  resolution: "emoji-regex@npm:10.6.0"
  checksum: 10c0/1e4aa097bb007301c3b4b1913879ae27327fdc48e93eeefefe3b87e495eb33c5af155300be951b4349ff6ac084f4403dc9eff970acba7c1c572d89396a9a32d7
  languageName: node
  linkType: hard

"env-paths@npm:^2.2.0":
  version: 2.2.1
  resolution: "env-paths@npm:2.2.1"
  checksum: 10c0/285325677bf00e30845e330eec32894f5105529db97496ee3f598478e50f008c5352a41a30e5e72ec9de8a542b5a570b85699cd63bd2bc646dbcb9f311d83bc4
  languageName: node
  linkType: hard

"esbuild@npm:~0.28.0":
  version: 0.28.2
  resolution: "esbuild@npm:0.28.2"
  dependencies:
    "@esbuild/aix-ppc64": "npm:0.28.2"
    "@esbuild/android-arm": "npm:0.28.2"
    "@esbuild/android-arm64": "npm:0.28.2"
    "@esbuild/android-x64": "npm:0.28.2"
    "@esbuild/darwin-arm64": "npm:0.28.2"
    "@esbuild/darwin-x64": "npm:0.28.2"
    "@esbuild/freebsd-arm64": "npm:0.28.2"
    "@esbuild/freebsd-x64": "npm:0.28.2"
    "@esbuild/linux-arm": "npm:0.28.2"
    "@esbuild/linux-arm64": "npm:0.28.2"
    "@esbuild/linux-ia32": "npm:0.28.2"
    "@esbuild/linux-loong64": "npm:0.28.2"
    "@esbuild/linux-mips64el": "npm:0.28.2"
    "@esbuild/linux-ppc64": "npm:0.28.2"
    "@esbuild/linux-riscv64": "npm:0.28.2"
    "@esbuild/linux-s390x": "npm:0.28.2"
    "@esbuild/linux-x64": "npm:0.28.2"
    "@esbuild/netbsd-arm64": "npm:0.28.2"
    "@esbuild/netbsd-x64": "npm:0.28.2"
    "@esbuild/openbsd-arm64": "npm:0.28.2"
    "@esbuild/openbsd-x64": "npm:0.28.2"
    "@esbuild/openharmony-arm64": "npm:0.28.2"
    "@esbuild/sunos-x64": "npm:0.28.2"
    "@esbuild/win32-arm64": "npm:0.28.2"
    "@esbuild/win32-ia32": "npm:0.28.2"
    "@esbuild/win32-x64": "npm:0.28.2"
  dependenciesMeta:
    "@esbuild/aix-ppc64":
      optional: true
    "@esbuild/android-arm":
      optional: true
    "@esbuild/android-arm64":
      optional: true
    "@esbuild/android-x64":
      optional: true
    "@esbuild/darwin-arm64":
      optional: true
    "@esbuild/darwin-x64":
      optional: true
    "@esbuild/freebsd-arm64":
      optional: true
    "@esbuild/freebsd-x64":
      optional: true
    "@esbuild/linux-arm":
      optional: true
    "@esbuild/linux-arm64":
      optional: true
    "@esbuild/linux-ia32":
      optional: true
    "@esbuild/linux-loong64":
      optional: true
    "@esbuild/linux-mips64el":
      optional: true
    "@esbuild/linux-ppc64":
      optional: true
    "@esbuild/linux-riscv64":
      optional: true
    "@esbuild/linux-s390x":
      optional: true
    "@esbuild/linux-x64":
      optional: true
    "@esbuild/netbsd-arm64":
      optional: true
    "@esbuild/netbsd-x64":
      optional: true
    "@esbuild/openbsd-arm64":
      optional: true
    "@esbuild/openbsd-x64":
      optional: true
    "@esbuild/openharmony-arm64":
      optional: true
    "@esbuild/sunos-x64":
      optional: true
    "@esbuild/win32-arm64":
      optional: true
    "@esbuild/win32-ia32":
      optional: true
    "@esbuild/win32-x64":
      optional: true
  bin:
    esbuild: bin/esbuild
  checksum: 10c0/9b19edb63bd7780fd2e8e65a1394a0e8a05a17d697f73f0647ffe3c134709d8dbe744ab3fd57b35c9470db268cae7678fafd3dcd3ce1f34fc590568c2433f5d2
  languageName: node
  linkType: hard

"escalade@npm:^3.1.1":
  version: 3.2.0
  resolution: "escalade@npm:3.2.0"
  checksum: 10c0/ced4dd3a78e15897ed3be74e635110bbf3b08877b0a41be50dcb325ee0e0b5f65fc2d50e9845194d7c4633f327e2e1c6cce00a71b617c5673df0374201d67f65
  languageName: node
  linkType: hard

"exponential-backoff@npm:^3.1.1":
  version: 3.1.3
  resolution: "exponential-backoff@npm:3.1.3"
  checksum: 10c0/77e3ae682b7b1f4972f563c6dbcd2b0d54ac679e62d5d32f3e5085feba20483cf28bd505543f520e287a56d4d55a28d7874299941faf637e779a1aa5994d1267
  languageName: node
  linkType: hard

"fdir@npm:^6.5.0":
  version: 6.5.0
  resolution: "fdir@npm:6.5.0"
  peerDependencies:
    picomatch: ^3 || ^4
  peerDependenciesMeta:
    picomatch:
      optional: true
  checksum: 10c0/e345083c4306b3aed6cb8ec551e26c36bab5c511e99ea4576a16750ddc8d3240e63826cc624f5ae17ad4dc82e68a253213b60d556c11bfad064b7607847ed07f
  languageName: node
  linkType: hard

"fs-minipass@npm:^3.0.0":
  version: 3.0.3
  resolution: "fs-minipass@npm:3.0.3"
  dependencies:
    minipass: "npm:^7.0.3"
  checksum: 10c0/63e80da2ff9b621e2cb1596abcb9207f1cf82b968b116ccd7b959e3323144cce7fb141462200971c38bbf2ecca51695069db45265705bed09a7cd93ae5b89f94
  languageName: node
  linkType: hard

"fsevents@npm:~2.3.3":
  version: 2.3.3
  resolution: "fsevents@npm:2.3.3"
  dependencies:
    node-gyp: "npm:latest"
  checksum: 10c0/a1f0c44595123ed717febbc478aa952e47adfc28e2092be66b8ab1635147254ca6cfe1df792a8997f22716d4cbafc73309899ff7bfac2ac3ad8cf2e4ecc3ec60
  conditions: os=darwin
  languageName: node
  linkType: hard

"fsevents@patch:fsevents@npm%3A~2.3.3#optional!builtin<compat/fsevents>":
  version: 2.3.3
  resolution: "fsevents@patch:fsevents@npm%3A2.3.3#optional!builtin<compat/fsevents>::version=2.3.3&hash=df0bf1"
  dependencies:
    node-gyp: "npm:latest"
  conditions: os=darwin
  languageName: node
  linkType: hard

"get-caller-file@npm:^2.0.5":
  version: 2.0.5
  resolution: "get-caller-file@npm:2.0.5"
  checksum: 10c0/c6c7b60271931fa752aeb92f2b47e355eac1af3a2673f47c9589e8f8a41adc74d45551c1bc57b5e66a80609f10ffb72b6f575e4370d61cc3f7f3aaff01757cde
  languageName: node
  linkType: hard

"get-east-asian-width@npm:^1.0.0, get-east-asian-width@npm:^1.5.0":
  version: 1.6.0
  resolution: "get-east-asian-width@npm:1.6.0"
  checksum: 10c0/7e72e9550fd49ca5b246f9af6bb2afc129c96412845ff6556b3274fd44817a381702ca17028efe9866b261a3d44254cbf21e6c90cf05b4b61675630af776d431
  languageName: node
  linkType: hard

"glob@npm:^13.0.0":
  version: 13.0.6
  resolution: "glob@npm:13.0.6"
  dependencies:
    minimatch: "npm:^10.2.2"
    minipass: "npm:^7.1.3"
    path-scurry: "npm:^2.0.2"
  checksum: 10c0/269c236f11a9b50357fe7a8c6aadac667e01deb5242b19c84975628f05f4438d8ee1354bb62c5d6c10f37fd59911b54d7799730633a2786660d8c69f1d18120a
  languageName: node
  linkType: hard

"graceful-fs@npm:^4.2.6":
  version: 4.2.11
  resolution: "graceful-fs@npm:4.2.11"
  checksum: 10c0/386d011a553e02bc594ac2ca0bd6d9e4c22d7fa8cfbfc448a6d148c59ea881b092db9dbe3547ae4b88e55f1b01f7c4a2ecc53b310c042793e63aa44cf6c257f2
  languageName: node
  linkType: hard

"http-cache-semantics@npm:^4.1.1":
  version: 4.2.0
  resolution: "http-cache-semantics@npm:4.2.0"
  checksum: 10c0/45b66a945cf13ec2d1f29432277201313babf4a01d9e52f44b31ca923434083afeca03f18417f599c9ab3d0e7b618ceb21257542338b57c54b710463b4a53e37
  languageName: node
  linkType: hard

"http-proxy-agent@npm:^7.0.0":
  version: 7.0.2
  resolution: "http-proxy-agent@npm:7.0.2"
  dependencies:
    agent-base: "npm:^7.1.0"
    debug: "npm:^4.3.4"
  checksum: 10c0/4207b06a4580fb85dd6dff521f0abf6db517489e70863dca1a0291daa7f2d3d2d6015a57bd702af068ea5cf9f1f6ff72314f5f5b4228d299c0904135d2aef921
  languageName: node
  linkType: hard

"https-proxy-agent@npm:^7.0.1":
  version: 7.0.6
  resolution: "https-proxy-agent@npm:7.0.6"
  dependencies:
    agent-base: "npm:^7.1.2"
    debug: "npm:4"
  checksum: 10c0/f729219bc735edb621fa30e6e84e60ee5d00802b8247aac0d7b79b0bd6d4b3294737a337b93b86a0bd9e68099d031858a39260c976dc14cdbba238ba1f8779ac
  languageName: node
  linkType: hard

"iconv-lite@npm:^0.7.2":
  version: 0.7.2
  resolution: "iconv-lite@npm:0.7.2"
  dependencies:
    safer-buffer: "npm:>= 2.1.2 < 3.0.0"
  checksum: 10c0/3c228920f3bd307f56bf8363706a776f4a060eb042f131cd23855ceca962951b264d0997ab38a1ad340e1c5df8499ed26e1f4f0db6b2a2ad9befaff22f14b722
  languageName: node
  linkType: hard

"ip-address@npm:^10.0.1":
  version: 10.7.2
  resolution: "ip-address@npm:10.7.2"
  checksum: 10c0/290b9c63289b2a89a442dac19eff88d919e65cd41d1a720fa963be736e126f3b0cf4f88f6056b06abbf4a95300dc9ce5362a773e012ef30e0400074d175b9d31
  languageName: node
  linkType: hard

"isexe@npm:^4.0.0":
  version: 4.0.0
  resolution: "isexe@npm:4.0.0"
  checksum: 10c0/5884815115bceac452877659a9c7726382531592f43dc29e5d48b7c4100661aed54018cb90bd36cb2eaeba521092570769167acbb95c18d39afdccbcca06c5ce
  languageName: node
  linkType: hard

"lilconfig@npm:^3.1.3":
  version: 3.1.3
  resolution: "lilconfig@npm:3.1.3"
  checksum: 10c0/f5604e7240c5c275743561442fbc5abf2a84ad94da0f5adc71d25e31fa8483048de3dcedcb7a44112a942fed305fd75841cdf6c9681c7f640c63f1049e9a5dcc
  languageName: node
  linkType: hard

"lru-cache@npm:^11.0.0, lru-cache@npm:^11.1.0, lru-cache@npm:^11.2.1":
  version: 11.2.7
  resolution: "lru-cache@npm:11.2.7"
  checksum: 10c0/549cdb59488baa617135fc12159cafb1a97f91079f35093bb3bcad72e849fc64ace636d244212c181dfdf1a99bbfa90757ff303f98561958ee4d0f885d9bd5f7
  languageName: node
  linkType: hard

"make-fetch-happen@npm:^15.0.0":
  version: 15.0.5
  resolution: "make-fetch-happen@npm:15.0.5"
  dependencies:
    "@gar/promise-retry": "npm:^1.0.0"
    "@npmcli/agent": "npm:^4.0.0"
    "@npmcli/redact": "npm:^4.0.0"
    cacache: "npm:^20.0.1"
    http-cache-semantics: "npm:^4.1.1"
    minipass: "npm:^7.0.2"
    minipass-fetch: "npm:^5.0.0"
    minipass-flush: "npm:^1.0.5"
    minipass-pipeline: "npm:^1.2.4"
    negotiator: "npm:^1.0.0"
    proc-log: "npm:^6.0.0"
    ssri: "npm:^13.0.0"
  checksum: 10c0/527580eb5e5476e6ad07a4e3bd017d13e935f4be815674b442081ae5a721c13d3af5715006619e6be79a85723067e047f83a0c9e699f41d8cec43609a8de4f7b
  languageName: node
  linkType: hard

"minimatch@npm:^10.2.2":
  version: 10.2.4
  resolution: "minimatch@npm:10.2.4"
  dependencies:
    brace-expansion: "npm:^5.0.2"
  checksum: 10c0/35f3dfb7b99b51efd46afd378486889f590e7efb10e0f6a10ba6800428cf65c9a8dedb74427d0570b318d749b543dc4e85f06d46d2858bc8cac7e1eb49a95945
  languageName: node
  linkType: hard

"minipass-collect@npm:^2.0.1":
  version: 2.0.1
  resolution: "minipass-collect@npm:2.0.1"
  dependencies:
    minipass: "npm:^7.0.3"
  checksum: 10c0/5167e73f62bb74cc5019594709c77e6a742051a647fe9499abf03c71dca75515b7959d67a764bdc4f8b361cf897fbf25e2d9869ee039203ed45240f48b9aa06e
  languageName: node
  linkType: hard

"minipass-fetch@npm:^5.0.0":
  version: 5.0.2
  resolution: "minipass-fetch@npm:5.0.2"
  dependencies:
    iconv-lite: "npm:^0.7.2"
    minipass: "npm:^7.0.3"
    minipass-sized: "npm:^2.0.0"
    minizlib: "npm:^3.0.1"
  dependenciesMeta:
    iconv-lite:
      optional: true
  checksum: 10c0/ce4ab9f21cfabaead2097d95dd33f485af8072fbc6b19611bce694965393453a1639d641c2bcf1c48f2ea7d41ea7fab8278373f1d0bee4e63b0a5b2cdd0ef649
  languageName: node
  linkType: hard

"minipass-flush@npm:^1.0.5":
  version: 1.0.5
  resolution: "minipass-flush@npm:1.0.5"
  dependencies:
    minipass: "npm:^3.0.0"
  checksum: 10c0/2a51b63feb799d2bb34669205eee7c0eaf9dce01883261a5b77410c9408aa447e478efd191b4de6fc1101e796ff5892f8443ef20d9544385819093dbb32d36bd
  languageName: node
  linkType: hard

"minipass-pipeline@npm:^1.2.4":
  version: 1.2.4
  resolution: "minipass-pipeline@npm:1.2.4"
  dependencies:
    minipass: "npm:^3.0.0"
  checksum: 10c0/cbda57cea20b140b797505dc2cac71581a70b3247b84480c1fed5ca5ba46c25ecc25f68bfc9e6dcb1a6e9017dab5c7ada5eab73ad4f0a49d84e35093e0c643f2
  languageName: node
  linkType: hard

"minipass-sized@npm:^2.0.0":
  version: 2.0.0
  resolution: "minipass-sized@npm:2.0.0"
  dependencies:
    minipass: "npm:^7.1.2"
  checksum: 10c0/f9201696a6f6d68610d04c9c83e3d2e5cb9c026aae1c8cbf7e17f386105cb79c1bb088dbc21bf0b1eb4f3fb5df384fd1e7aa3bf1f33868c416ae8c8a92679db8
  languageName: node
  linkType: hard

"minipass@npm:^3.0.0":
  version: 3.3.6
  resolution: "minipass@npm:3.3.6"
  dependencies:
    yallist: "npm:^4.0.0"
  checksum: 10c0/a114746943afa1dbbca8249e706d1d38b85ed1298b530f5808ce51f8e9e941962e2a5ad2e00eae7dd21d8a4aae6586a66d4216d1a259385e9d0358f0c1eba16c
  languageName: node
  linkType: hard

"minipass@npm:^7.0.2, minipass@npm:^7.0.3, minipass@npm:^7.0.4, minipass@npm:^7.1.2, minipass@npm:^7.1.3":
  version: 7.1.3
  resolution: "minipass@npm:7.1.3"
  checksum: 10c0/539da88daca16533211ea5a9ee98dc62ff5742f531f54640dd34429e621955e91cc280a91a776026264b7f9f6735947629f920944e9c1558369e8bf22eb33fbb
  languageName: node
  linkType: hard

"minizlib@npm:^3.0.1, minizlib@npm:^3.1.0":
  version: 3.1.0
  resolution: "minizlib@npm:3.1.0"
  dependencies:
    minipass: "npm:^7.1.2"
  checksum: 10c0/5aad75ab0090b8266069c9aabe582c021ae53eb33c6c691054a13a45db3b4f91a7fb1bd79151e6b4e9e9a86727b522527c0a06ec7d45206b745d54cd3097bcec
  languageName: node
  linkType: hard

"mitt@npm:^3.0.1":
  version: 3.0.1
  resolution: "mitt@npm:3.0.1"
  checksum: 10c0/3ab4fdecf3be8c5255536faa07064d05caa3dd332bd318ff02e04621f7b3069ca1de9106cfe8e7ced675abfc2bec2ce4c4ef321c4a1bb1fb29df8ae090741913
  languageName: node
  linkType: hard

"modern-tar@npm:^0.8.4":
  version: 0.8.5
  resolution: "modern-tar@npm:0.8.5"
  checksum: 10c0/29946b8a79679dff507cb2b042eb9286aa7ec44992f2717d024afdbdbeb2afd274ca8d32c4fcfe76f2b4cd45f6d2900fdd0a5505527677bf07ee0c1f159a848c
  languageName: node
  linkType: hard

"ms@npm:^2.1.3":
  version: 2.1.3
  resolution: "ms@npm:2.1.3"
  checksum: 10c0/d924b57e7312b3b63ad21fc5b3dc0af5e78d61a1fc7cfb5457edaf26326bf62be5307cc87ffb6862ef1c2b33b0233cdb5d4f01c4c958cc0d660948b65a287a48
  languageName: node
  linkType: hard

"negotiator@npm:^1.0.0":
  version: 1.0.0
  resolution: "negotiator@npm:1.0.0"
  checksum: 10c0/4c559dd52669ea48e1914f9d634227c561221dd54734070791f999c52ed0ff36e437b2e07d5c1f6e32909fc625fe46491c16e4a8f0572567d4dd15c3a4fda04b
  languageName: node
  linkType: hard

"node-gyp@npm:latest":
  version: 12.2.0
  resolution: "node-gyp@npm:12.2.0"
  dependencies:
    env-paths: "npm:^2.2.0"
    exponential-backoff: "npm:^3.1.1"
    graceful-fs: "npm:^4.2.6"
    make-fetch-happen: "npm:^15.0.0"
    nopt: "npm:^9.0.0"
    proc-log: "npm:^6.0.0"
    semver: "npm:^7.3.5"
    tar: "npm:^7.5.4"
    tinyglobby: "npm:^0.2.12"
    which: "npm:^6.0.0"
  bin:
    node-gyp: bin/node-gyp.js
  checksum: 10c0/3ed046746a5a7d90950cd8b0547332b06598443f31fe213ef4332a7174c7b7d259e1704835feda79b87d3f02e59d7791842aac60642ede4396ab25fdf0f8f759
  languageName: node
  linkType: hard

"nopt@npm:^9.0.0":
  version: 9.0.0
  resolution: "nopt@npm:9.0.0"
  dependencies:
    abbrev: "npm:^4.0.0"
  bin:
    nopt: bin/nopt.js
  checksum: 10c0/1822eb6f9b020ef6f7a7516d7b64a8036e09666ea55ac40416c36e4b2b343122c3cff0e2f085675f53de1d2db99a2a89a60ccea1d120bcd6a5347bf6ceb4a7fd
  languageName: node
  linkType: hard

"p-map@npm:^7.0.2":
  version: 7.0.4
  resolution: "p-map@npm:7.0.4"
  checksum: 10c0/a5030935d3cb2919d7e89454d1ce82141e6f9955413658b8c9403cfe379283770ed3048146b44cde168aa9e8c716505f196d5689db0ae3ce9a71521a2fef3abd
  languageName: node
  linkType: hard

"path-scurry@npm:^2.0.2":
  version: 2.0.2
  resolution: "path-scurry@npm:2.0.2"
  dependencies:
    lru-cache: "npm:^11.0.0"
    minipass: "npm:^7.1.2"
  checksum: 10c0/b35ad37cf6557a87fd057121ce2be7695380c9138d93e87ae928609da259ea0a170fac6f3ef1eb3ece8a068e8b7f2f3adf5bb2374cf4d4a57fe484954fcc9482
  languageName: node
  linkType: hard

"picomatch@npm:^4.0.3":
  version: 4.0.4
  resolution: "picomatch@npm:4.0.4"
  checksum: 10c0/e2c6023372cc7b5764719a5ffb9da0f8e781212fa7ca4bd0562db929df8e117460f00dff3cb7509dacfc06b86de924b247f504d0ce1806a37fac4633081466b0
  languageName: node
  linkType: hard

"prettier@npm:^3.9.6":
  version: 3.9.6
  resolution: "prettier@npm:3.9.6"
  bin:
    prettier: bin/prettier.cjs
  checksum: 10c0/9f7ddae234035868f3daab3dc34e6de7e54622185afb017378029f0c09a9c023248ccf6f34def0b17a0538e18c47aa1b3188bab72965d1bf735919baa0747e99
  languageName: node
  linkType: hard

"proc-log@npm:^6.0.0":
  version: 6.1.0
  resolution: "proc-log@npm:6.1.0"
  checksum: 10c0/4f178d4062733ead9d71a9b1ab24ebcecdfe2250916a5b1555f04fe2eda972a0ec76fbaa8df1ad9c02707add6749219d118a4fc46dc56bdfe4dde4b47d80bb82
  languageName: node
  linkType: hard

"puppeteer-core@npm:25.11.0":
  version: 25.11.0
  resolution: "puppeteer-core@npm:25.11.0"
  dependencies:
    "@puppeteer/browsers": "npm:3.2.2"
    chromium-bidi: "npm:17.0.2"
    devtools-protocol: "npm:0.0.1680125"
    typed-query-selector: "npm:^2.12.2"
    webdriver-bidi-protocol: "npm:0.4.3"
    ws: "npm:^8.21.3"
  checksum: 10c0/022d159d2c31dda96ca4b9d61903f74d29c973b2aa14f48e1ac22ea5015314a3c8e1e90bfa8f1ea5b679e2a98329ae7f163798d0639c1239096df093ee9c61f4
  languageName: node
  linkType: hard

"puppeteer@npm:^25.11.0":
  version: 25.11.0
  resolution: "puppeteer@npm:25.11.0"
  dependencies:
    "@puppeteer/browsers": "npm:3.2.2"
    chromium-bidi: "npm:17.0.2"
    devtools-protocol: "npm:0.0.1680125"
    lilconfig: "npm:^3.1.3"
    puppeteer-core: "npm:25.11.0"
    typed-query-selector: "npm:^2.12.2"
  bin:
    puppeteer: lib/puppeteer/node/cli.js
  checksum: 10c0/7ad255950f79cef9e4ba8ae5a628a01717ce53413b662b8d48b024534a9591a3670865b5b103962104b7926b9c6456c8f5b0169ffd188daf7430a5eafa5dce76
  languageName: node
  linkType: hard

"safer-buffer@npm:>= 2.1.2 < 3.0.0":
  version: 2.1.2
  resolution: "safer-buffer@npm:2.1.2"
  checksum: 10c0/7e3c8b2e88a1841c9671094bbaeebd94448111dd90a81a1f606f3f67708a6ec57763b3b47f06da09fc6054193e0e6709e77325415dc8422b04497a8070fa02d4
  languageName: node
  linkType: hard

"semver@npm:^7.3.5":
  version: 7.7.4
  resolution: "semver@npm:7.7.4"
  bin:
    semver: bin/semver.js
  checksum: 10c0/5215ad0234e2845d4ea5bb9d836d42b03499546ddafb12075566899fc617f68794bb6f146076b6881d755de17d6c6cc73372555879ec7dce2c2feee947866ad2
  languageName: node
  linkType: hard

"smart-buffer@npm:^4.2.0":
  version: 4.2.0
  resolution: "smart-buffer@npm:4.2.0"
  checksum: 10c0/a16775323e1404dd43fabafe7460be13a471e021637bc7889468eb45ce6a6b207261f454e4e530a19500cc962c4cc5348583520843b363f4193cee5c00e1e539
  languageName: node
  linkType: hard

"socks-proxy-agent@npm:^8.0.3":
  version: 8.0.5
  resolution: "socks-proxy-agent@npm:8.0.5"
  dependencies:
    agent-base: "npm:^7.1.2"
    debug: "npm:^4.3.4"
    socks: "npm:^2.8.3"
  checksum: 10c0/5d2c6cecba6821389aabf18728325730504bf9bb1d9e342e7987a5d13badd7a98838cc9a55b8ed3cb866ad37cc23e1086f09c4d72d93105ce9dfe76330e9d2a6
  languageName: node
  linkType: hard

"socks@npm:^2.8.3":
  version: 2.8.7
  resolution: "socks@npm:2.8.7"
  dependencies:
    ip-address: "npm:^10.0.1"
    smart-buffer: "npm:^4.2.0"
  checksum: 10c0/2805a43a1c4bcf9ebf6e018268d87b32b32b06fbbc1f9282573583acc155860dc361500f89c73bfbb157caa1b4ac78059eac0ef15d1811eb0ca75e0bdadbc9d2
  languageName: node
  linkType: hard

"ssri@npm:^13.0.0":
  version: 13.0.1
  resolution: "ssri@npm:13.0.1"
  dependencies:
    minipass: "npm:^7.0.3"
  checksum: 10c0/cf6408a18676c57ff2ed06b8a20dc64bb3e748e5c7e095332e6aecaa2b8422b1e94a739a8453bf65156a8a47afe23757ba4ab52d3ea3b62322dc40875763e17a
  languageName: node
  linkType: hard

"string-width@npm:^7.0.0, string-width@npm:^7.2.0":
  version: 7.2.0
  resolution: "string-width@npm:7.2.0"
  dependencies:
    emoji-regex: "npm:^10.3.0"
    get-east-asian-width: "npm:^1.0.0"
    strip-ansi: "npm:^7.1.0"
  checksum: 10c0/eb0430dd43f3199c7a46dcbf7a0b34539c76fe3aa62763d0b0655acdcbdf360b3f66f3d58ca25ba0205f42ea3491fa00f09426d3b7d3040e506878fc7664c9b9
  languageName: node
  linkType: hard

"string-width@npm:^8.2.1":
  version: 8.2.2
  resolution: "string-width@npm:8.2.2"
  dependencies:
    get-east-asian-width: "npm:^1.5.0"
    strip-ansi: "npm:^7.1.2"
  checksum: 10c0/895624534e4e2f229e880bbc30aa77bdeb758e1a0edce203e0a17b8b4f08b8d3c1156516efc50a35e3efd0052d938a73797692111250ac9f52ee384710a01714
  languageName: node
  linkType: hard

"strip-ansi@npm:^7.1.0, strip-ansi@npm:^7.1.2":
  version: 7.2.0
  resolution: "strip-ansi@npm:7.2.0"
  dependencies:
    ansi-regex: "npm:^6.2.2"
  checksum: 10c0/544d13b7582f8254811ea97db202f519e189e59d35740c46095897e254e4f1aa9fe1524a83ad6bc5ad67d4dd6c0281d2e0219ed62b880a6238a16a17d375f221
  languageName: node
  linkType: hard

"tar@npm:^7.5.4":
  version: 7.5.22
  resolution: "tar@npm:7.5.22"
  dependencies:
    "@isaacs/fs-minipass": "npm:^4.0.0"
    chownr: "npm:^3.0.0"
    minipass: "npm:^7.1.2"
    minizlib: "npm:^3.1.0"
    yallist: "npm:^5.0.0"
  checksum: 10c0/1311f6be85a8157ac4c9147bae43e13923d2a1aae15e4aa1bd5239e4e03d2cf53cfe103dde7f35832fbb4c938b042856bc8e9a0afd29abd05e2d1608788c4fea
  languageName: node
  linkType: hard

"tinyglobby@npm:^0.2.12":
  version: 0.2.15
  resolution: "tinyglobby@npm:0.2.15"
  dependencies:
    fdir: "npm:^6.5.0"
    picomatch: "npm:^4.0.3"
  checksum: 10c0/869c31490d0d88eedb8305d178d4c75e7463e820df5a9b9d388291daf93e8b1eb5de1dad1c1e139767e4269fe75f3b10d5009b2cc14db96ff98986920a186844
  languageName: node
  linkType: hard

"tsx@npm:^4.23.13":
  version: 4.23.13
  resolution: "tsx@npm:4.23.13"
  dependencies:
    esbuild: "npm:~0.28.0"
    fsevents: "npm:~2.3.3"
  dependenciesMeta:
    fsevents:
      optional: true
  bin:
    tsx: dist/cli.mjs
  checksum: 10c0/dc99c8988b42ec2443963a0b9051f42d068bc7e2a44e82f3b94b40539a991c5c01ea3ee049cf317d1040b2245711dd4c64ace9ac875f3b07edee29f610702e3c
  languageName: node
  linkType: hard

"typed-query-selector@npm:^2.12.2":
  version: 2.12.2
  resolution: "typed-query-selector@npm:2.12.2"
  checksum: 10c0/2710369ada5bde578606b043eefb8a6d7f9178630ae4950a4dfd4f70cceb8196d5bbc735a905cd3e06953127e4dd1825c3e0be06d64e5a6e5609965cffee701d
  languageName: node
  linkType: hard

"typescript@npm:^7.0.2":
  version: 7.0.2
  resolution: "typescript@npm:7.0.2"
  dependencies:
    "@typescript/typescript-aix-ppc64": "npm:7.0.2"
    "@typescript/typescript-darwin-arm64": "npm:7.0.2"
    "@typescript/typescript-darwin-x64": "npm:7.0.2"
    "@typescript/typescript-freebsd-arm64": "npm:7.0.2"
    "@typescript/typescript-freebsd-x64": "npm:7.0.2"
    "@typescript/typescript-linux-arm": "npm:7.0.2"
    "@typescript/typescript-linux-arm64": "npm:7.0.2"
    "@typescript/typescript-linux-loong64": "npm:7.0.2"
    "@typescript/typescript-linux-mips64el": "npm:7.0.2"
    "@typescript/typescript-linux-ppc64": "npm:7.0.2"
    "@typescript/typescript-linux-riscv64": "npm:7.0.2"
    "@typescript/typescript-linux-s390x": "npm:7.0.2"
    "@typescript/typescript-linux-x64": "npm:7.0.2"
    "@typescript/typescript-netbsd-arm64": "npm:7.0.2"
    "@typescript/typescript-netbsd-x64": "npm:7.0.2"
    "@typescript/typescript-openbsd-arm64": "npm:7.0.2"
    "@typescript/typescript-openbsd-x64": "npm:7.0.2"
    "@typescript/typescript-sunos-x64": "npm:7.0.2"
    "@typescript/typescript-win32-arm64": "npm:7.0.2"
    "@typescript/typescript-win32-x64": "npm:7.0.2"
  dependenciesMeta:
    "@typescript/typescript-aix-ppc64":
      optional: true
    "@typescript/typescript-darwin-arm64":
      optional: true
    "@typescript/typescript-darwin-x64":
      optional: true
    "@typescript/typescript-freebsd-arm64":
      optional: true
    "@typescript/typescript-freebsd-x64":
      optional: true
    "@typescript/typescript-linux-arm":
      optional: true
    "@typescript/typescript-linux-arm64":
      optional: true
    "@typescript/typescript-linux-loong64":
      optional: true
    "@typescript/typescript-linux-mips64el":
      optional: true
    "@typescript/typescript-linux-ppc64":
      optional: true
    "@typescript/typescript-linux-riscv64":
      optional: true
    "@typescript/typescript-linux-s390x":
      optional: true
    "@typescript/typescript-linux-x64":
      optional: true
    "@typescript/typescript-netbsd-arm64":
      optional: true
    "@typescript/typescript-netbsd-x64":
      optional: true
    "@typescript/typescript-openbsd-arm64":
      optional: true
    "@typescript/typescript-openbsd-x64":
      optional: true
    "@typescript/typescript-sunos-x64":
      optional: true
    "@typescript/typescript-win32-arm64":
      optional: true
    "@typescript/typescript-win32-x64":
      optional: true
  bin:
    tsc: bin/tsc
  checksum: 10c0/3dcee51ec8c332492325bcdbf7df48b66668751f127e622ae7d41b6c716eb19184424a45e14f7750f50f340232388b69e6287859155f06a5ce2df76f12cb31cf
  languageName: node
  linkType: hard

"typescript@patch:typescript@npm%3A^7.0.2#optional!builtin<compat/typescript>":
  version: 7.0.2
  resolution: "typescript@patch:typescript@npm%3A7.0.2#optional!builtin<compat/typescript>::version=7.0.2&hash=3bafbf"
  dependencies:
    "@typescript/typescript-aix-ppc64": "npm:7.0.2"
    "@typescript/typescript-darwin-arm64": "npm:7.0.2"
    "@typescript/typescript-darwin-x64": "npm:7.0.2"
    "@typescript/typescript-freebsd-arm64": "npm:7.0.2"
    "@typescript/typescript-freebsd-x64": "npm:7.0.2"
    "@typescript/typescript-linux-arm": "npm:7.0.2"
    "@typescript/typescript-linux-arm64": "npm:7.0.2"
    "@typescript/typescript-linux-loong64": "npm:7.0.2"
    "@typescript/typescript-linux-mips64el": "npm:7.0.2"
    "@typescript/typescript-linux-ppc64": "npm:7.0.2"
    "@typescript/typescript-linux-riscv64": "npm:7.0.2"
    "@typescript/typescript-linux-s390x": "npm:7.0.2"
    "@typescript/typescript-linux-x64": "npm:7.0.2"
    "@typescript/typescript-netbsd-arm64": "npm:7.0.2"
    "@typescript/typescript-netbsd-x64": "npm:7.0.2"
    "@typescript/typescript-openbsd-arm64": "npm:7.0.2"
    "@typescript/typescript-openbsd-x64": "npm:7.0.2"
    "@typescript/typescript-sunos-x64": "npm:7.0.2"
    "@typescript/typescript-win32-arm64": "npm:7.0.2"
    "@typescript/typescript-win32-x64": "npm:7.0.2"
  dependenciesMeta:
    "@typescript/typescript-aix-ppc64":
      optional: true
    "@typescript/typescript-darwin-arm64":
      optional: true
    "@typescript/typescript-darwin-x64":
      optional: true
    "@typescript/typescript-freebsd-arm64":
      optional: true
    "@typescript/typescript-freebsd-x64":
      optional: true
    "@typescript/typescript-linux-arm":
      optional: true
    "@typescript/typescript-linux-arm64":
      optional: true
    "@typescript/typescript-linux-loong64":
      optional: true
    "@typescript/typescript-linux-mips64el":
      optional: true
    "@typescript/typescript-linux-ppc64":
      optional: true
    "@typescript/typescript-linux-riscv64":
      optional: true
    "@typescript/typescript-linux-s390x":
      optional: true
    "@typescript/typescript-linux-x64":
      optional: true
    "@typescript/typescript-netbsd-arm64":
      optional: true
    "@typescript/typescript-netbsd-x64":
      optional: true
    "@typescript/typescript-openbsd-arm64":
      optional: true
    "@typescript/typescript-openbsd-x64":
      optional: true
    "@typescript/typescript-sunos-x64":
      optional: true
    "@typescript/typescript-win32-arm64":
      optional: true
    "@typescript/typescript-win32-x64":
      optional: true
  bin:
    tsc: bin/tsc
  checksum: 10c0/6b3cdc369cd829d46e00734ea64233ee84419c2825ad8fe408915adde77abced4b7a2401f7eed517d54a7a4f5d1c1869753cb99018df1c2159c761d9f33483a6
  languageName: node
  linkType: hard

"undici-types@npm:~7.18.0":
  version: 7.18.2
  resolution: "undici-types@npm:7.18.2"
  checksum: 10c0/85a79189113a238959d7a647368e4f7c5559c3a404ebdb8fc4488145ce9426fcd82252a844a302798dfc0e37e6fb178ff481ed03bc4caf634c5757d9ef43521d
  languageName: node
  linkType: hard

"webdriver-bidi-protocol@npm:0.4.3":
  version: 0.4.3
  resolution: "webdriver-bidi-protocol@npm:0.4.3"
  checksum: 10c0/ff3c71ca637af8c604baaac99a685948513d736fe744c512d0e3b56afedbec4c51d2598d1cca712b91cd4f9c95f4ee582e8db3e458acc349f0e4d6b92f7134b9
  languageName: node
  linkType: hard

"which@npm:^6.0.0":
  version: 6.0.1
  resolution: "which@npm:6.0.1"
  dependencies:
    isexe: "npm:^4.0.0"
  bin:
    node-which: bin/which.js
  checksum: 10c0/7e710e54ea36d2d6183bee2f9caa27a3b47b9baf8dee55a199b736fcf85eab3b9df7556fca3d02b50af7f3dfba5ea3a45644189836df06267df457e354da66d5
  languageName: node
  linkType: hard

"wrap-ansi@npm:^9.0.0":
  version: 9.0.2
  resolution: "wrap-ansi@npm:9.0.2"
  dependencies:
    ansi-styles: "npm:^6.2.1"
    string-width: "npm:^7.0.0"
    strip-ansi: "npm:^7.1.0"
  checksum: 10c0/3305839b9a0d6fb930cb63a52f34d3936013d8b0682ff3ec133c9826512620f213800ffa19ea22904876d5b7e9a3c1f40682f03597d986a4ca881fa7b033688c
  languageName: node
  linkType: hard

"ws@npm:^8.21.3":
  version: 8.21.3
  resolution: "ws@npm:8.21.3"
  peerDependencies:
    bufferutil: ^4.0.1
    utf-8-validate: ">=5.0.2"
  peerDependenciesMeta:
    bufferutil:
      optional: true
    utf-8-validate:
      optional: true
  checksum: 10c0/7b28dc2863ea0e2cece68d142a3eee90361021b73f750431e6d8076bb7dede5fdfdb75b3d29534b62f411261147b76b1bc80fb5cc63ab0aabd467280e85b22e0
  languageName: node
  linkType: hard

"y18n@npm:^5.0.5":
  version: 5.0.8
  resolution: "y18n@npm:5.0.8"
  checksum: 10c0/4df2842c36e468590c3691c894bc9cdbac41f520566e76e24f59401ba7d8b4811eb1e34524d57e54bc6d864bcb66baab7ffd9ca42bf1eda596618f9162b91249
  languageName: node
  linkType: hard

"yallist@npm:^4.0.0":
  version: 4.0.0
  resolution: "yallist@npm:4.0.0"
  checksum: 10c0/2286b5e8dbfe22204ab66e2ef5cc9bbb1e55dfc873bbe0d568aa943eb255d131890dfd5bf243637273d31119b870f49c18fcde2c6ffbb7a7a092b870dc90625a
  languageName: node
  linkType: hard

"yallist@npm:^5.0.0":
  version: 5.0.0
  resolution: "yallist@npm:5.0.0"
  checksum: 10c0/a499c81ce6d4a1d260d4ea0f6d49ab4da09681e32c3f0472dee16667ed69d01dae63a3b81745a24bd78476ec4fcf856114cb4896ace738e01da34b2c42235416
  languageName: node
  linkType: hard

"yargs-parser@npm:^22.0.0":
  version: 22.0.0
  resolution: "yargs-parser@npm:22.0.0"
  checksum: 10c0/cb7ef81759c4271cb1d96b9351dbbc9a9ce35d3e1122d2b739bf6c432603824fa02c67cc12dcef6ea80283379d63495686e8f41cc7b06c6576e792aba4d33e1c
  languageName: node
  linkType: hard

"yargs@npm:^18.0.0":
  version: 18.1.0
  resolution: "yargs@npm:18.1.0"
  dependencies:
    cliui: "npm:^9.0.1"
    escalade: "npm:^3.1.1"
    get-caller-file: "npm:^2.0.5"
    string-width: "npm:^8.2.1"
    y18n: "npm:^5.0.5"
    yargs-parser: "npm:^22.0.0"
  checksum: 10c0/86052bbed90a9aaaaf1eabe004f47c7420e1b7f8d314170cfb0ad4721f518ec2fb7ba5a6daa20708b1595aba257f1554b2d5b3f5606356f86aa9dae18de0bec5
  languageName: node
  linkType: hard

"zod@npm:^3.24.1":
  version: 3.25.76
  resolution: "zod@npm:3.25.76"
  checksum: 10c0/5718ec35e3c40b600316c5b4c5e4976f7fee68151bc8f8d90ec18a469be9571f072e1bbaace10f1e85cf8892ea12d90821b200e980ab46916a6166a4260a983c
  languageName: node
  linkType: hard
