# This file is generated by running "yarn install" inside your project.
# Manual changes might be lost - proceed with caution!

__metadata:
  version: 8
  cacheKey: 10c0

"@babel/code-frame@npm:^7.0.0":
  version: 7.18.6
  resolution: "@babel/code-frame@npm:7.18.6"
  dependencies:
    "@babel/highlight": "npm:^7.18.6"
  checksum: e3966f2717b7ebd9610524730e10b75ee74154f62617e5e115c97dbbbabc5351845c9aa850788012cb4d9aee85c3dc59fe6bef36690f244e8dcfca34bd35e9c9
  languageName: node
  linkType: hard

"@babel/helper-validator-identifier@npm:^7.18.6":
  version: 7.19.1
  resolution: "@babel/helper-validator-identifier@npm:7.19.1"
  checksum: f978ecfea840f65b64ab9e17fac380625a45f4fe1361eeb29867fcfd1c9eaa72abd7023f2f40ac3168587d7e5153660d16cfccb352a557be2efd347a051b4b20
  languageName: node
  linkType: hard

"@babel/highlight@npm:^7.18.6":
  version: 7.18.6
  resolution: "@babel/highlight@npm:7.18.6"
  dependencies:
    "@babel/helper-validator-identifier": "npm:^7.18.6"
    chalk: "npm:^2.0.0"
    js-tokens: "npm:^4.0.0"
  checksum: a6a6928d25099ef04c337fcbb829fab8059bb67d31ac37212efd611bdbe247d0e71a5096c4524272cb56399f40251fac57c025e42d3bc924db0183a6435a60ac
  languageName: node
  linkType: hard

"@cspotcode/source-map-support@npm:^0.8.0":
  version: 0.8.1
  resolution: "@cspotcode/source-map-support@npm:0.8.1"
  dependencies:
    "@jridgewell/trace-mapping": "npm:0.3.9"
  checksum: 05c5368c13b662ee4c122c7bfbe5dc0b613416672a829f3e78bc49a357a197e0218d6e74e7c66cfcd04e15a179acab080bd3c69658c9fbefd0e1ccd950a07fc6
  languageName: node
  linkType: hard

"@jridgewell/resolve-uri@npm:^3.0.3":
  version: 3.1.0
  resolution: "@jridgewell/resolve-uri@npm:3.1.0"
  checksum: 78055e2526108331126366572045355051a930f017d1904a4f753d3f4acee8d92a14854948095626f6163cffc24ea4e3efa30637417bb866b84743dec7ef6fd9
  languageName: node
  linkType: hard

"@jridgewell/sourcemap-codec@npm:^1.4.10":
  version: 1.4.14
  resolution: "@jridgewell/sourcemap-codec@npm:1.4.14"
  checksum: 3fbaff1387c1338b097eeb6ff92890d7838f7de0dde259e4983763b44540bfd5ca6a1f7644dc8ad003a57f7e80670d5b96a8402f1386ba9aee074743ae9bad51
  languageName: node
  linkType: hard

"@jridgewell/trace-mapping@npm:0.3.9":
  version: 0.3.9
  resolution: "@jridgewell/trace-mapping@npm:0.3.9"
  dependencies:
    "@jridgewell/resolve-uri": "npm:^3.0.3"
    "@jridgewell/sourcemap-codec": "npm:^1.4.10"
  checksum: fa425b606d7c7ee5bfa6a31a7b050dd5814b4082f318e0e4190f991902181b4330f43f4805db1dd4f2433fd0ed9cc7a7b9c2683f1deeab1df1b0a98b1e24055b
  languageName: node
  linkType: hard

"@tsconfig/node10@npm:^1.0.7":
  version: 1.0.9
  resolution: "@tsconfig/node10@npm:1.0.9"
  checksum: c176a2c1e1b16be120c328300ea910df15fb9a5277010116d26818272341a11483c5a80059389d04edacf6fd2d03d4687ad3660870fdd1cc0b7109e160adb220
  languageName: node
  linkType: hard

"@tsconfig/node12@npm:^1.0.7":
  version: 1.0.11
  resolution: "@tsconfig/node12@npm:1.0.11"
  checksum: dddca2b553e2bee1308a056705103fc8304e42bb2d2cbd797b84403a223b25c78f2c683ec3e24a095e82cd435387c877239bffcb15a590ba817cd3f6b9a99fd9
  languageName: node
  linkType: hard

"@tsconfig/node14@npm:^1.0.0":
  version: 1.0.3
  resolution: "@tsconfig/node14@npm:1.0.3"
  checksum: 67c1316d065fdaa32525bc9449ff82c197c4c19092b9663b23213c8cbbf8d88b6ed6a17898e0cbc2711950fbfaf40388938c1c748a2ee89f7234fc9e7fe2bf44
  languageName: node
  linkType: hard

"@tsconfig/node16@npm:^1.0.2":
  version: 1.0.3
  resolution: "@tsconfig/node16@npm:1.0.3"
  checksum: 451a0d4b2bc35c2cdb30a49b6c699d797b8bbac99b883237659698678076d4193050d90e2ee36016ccbca57075cdb073cadab38cedc45119bac68ab331958cbc
  languageName: node
  linkType: hard

"@types/adm-zip@npm:^0.5.0":
  version: 0.5.0
  resolution: "@types/adm-zip@npm:0.5.0"
  dependencies:
    "@types/node": "npm:*"
  checksum: c5ba965e5c9ab48bedfb1a5f1a5c1da818d378e261e89b0f0a01c984724b8f70d4ef2c13ef031015ae33dc6b7a37e7934046a7646d62948587acdcb98d231bb7
  languageName: node
  linkType: hard

"@types/node@npm:*":
  version: 18.15.7
  resolution: "@types/node@npm:18.15.7"
  checksum: aa4d9e3685d06643ac8da03ba34ed55b320a5debe5606c96593689272e1963248bafad0e6a1efb2eebbfcb6edc0e6234f275dded090796cc2286c87514f762b1
  languageName: node
  linkType: hard

"@types/yauzl@npm:^2.9.1":
  version: 2.10.0
  resolution: "@types/yauzl@npm:2.10.0"
  dependencies:
    "@types/node": "npm:*"
  checksum: e917cf11c78e9ca7d037d0e6e0d6d5d99443d9d7201f8f1a556f02a2bc57ae457487e9bfec89dfa848d16979b35de6e5b34840d4d0bb9e5f33849d077ac15154
  languageName: node
  linkType: hard

"acorn-walk@npm:^8.1.1":
  version: 8.2.0
  resolution: "acorn-walk@npm:8.2.0"
  checksum: dbe92f5b2452c93e960c5594e666dd1fae141b965ff2cb4a1e1d0381e3e4db4274c5ce4ffa3d681a86ca2a8d4e29d5efc0670a08e23fd2800051ea387df56ca2
  languageName: node
  linkType: hard

"acorn@npm:^8.4.1":
  version: 8.8.2
  resolution: "acorn@npm:8.8.2"
  bin:
    acorn: bin/acorn
  checksum: b5c54e736af5ed753911c6752fafd02d0a74cf4d55be606bd81fe71faba4f986dc090952329931ac2aba165803fd0005c59eeef08f9c6c689e8dc420031f3df0
  languageName: node
  linkType: hard

"adm-zip@npm:^0.5.10":
  version: 0.5.10
  resolution: "adm-zip@npm:0.5.10"
  checksum: 1f391a4e02940688b6ca6d4b3ea96cc82a9dbe1596671d7dbc052f9a53ed2efa6ba9ba253f032ea16e70081f22d6ddd1af2d65d6be700853cdee9c2fc925c20e
  languageName: node
  linkType: hard

"agent-base@npm:6":
  version: 6.0.2
  resolution: "agent-base@npm:6.0.2"
  dependencies:
    debug: "npm:4"
  checksum: dc4f757e40b5f3e3d674bc9beb4f1048f4ee83af189bae39be99f57bf1f48dde166a8b0a5342a84b5944ee8e6ed1e5a9d801858f4ad44764e84957122fe46261
  languageName: node
  linkType: hard

"ansi-styles@npm:^3.2.1":
  version: 3.2.1
  resolution: "ansi-styles@npm:3.2.1"
  dependencies:
    color-convert: "npm:^1.9.0"
  checksum: ece5a8ef069fcc5298f67e3f4771a663129abd174ea2dfa87923a2be2abf6cd367ef72ac87942da00ce85bd1d651d4cd8595aebdb1b385889b89b205860e977b
  languageName: node
  linkType: hard

"arg@npm:^4.1.0":
  version: 4.1.3
  resolution: "arg@npm:4.1.3"
  checksum: 070ff801a9d236a6caa647507bdcc7034530604844d64408149a26b9e87c2f97650055c0f049abd1efc024b334635c01f29e0b632b371ac3f26130f4cf65997a
  languageName: node
  linkType: hard

"argparse@npm:^2.0.1":
  version: 2.0.1
  resolution: "argparse@npm:2.0.1"
  checksum: c5640c2d89045371c7cedd6a70212a04e360fd34d6edeae32f6952c63949e3525ea77dbec0289d8213a99bbaeab5abfa860b5c12cf88a2e6cf8106e90dd27a7e
  languageName: node
  linkType: hard

"base64-js@npm:^1.3.1":
  version: 1.5.1
  resolution: "base64-js@npm:1.5.1"
  checksum: f23823513b63173a001030fae4f2dabe283b99a9d324ade3ad3d148e218134676f1ee8568c877cd79ec1c53158dcf2d2ba527a97c606618928ba99dd930102bf
  languageName: node
  linkType: hard

"bl@npm:^4.0.3":
  version: 4.1.0
  resolution: "bl@npm:4.1.0"
  dependencies:
    buffer: "npm:^5.5.0"
    inherits: "npm:^2.0.4"
    readable-stream: "npm:^3.4.0"
  checksum: 02847e1d2cb089c9dc6958add42e3cdeaf07d13f575973963335ac0fdece563a50ac770ac4c8fa06492d2dd276f6cc3b7f08c7cd9c7a7ad0f8d388b2a28def5f
  languageName: node
  linkType: hard

"buffer-crc32@npm:~0.2.3":
  version: 0.2.13
  resolution: "buffer-crc32@npm:0.2.13"
  checksum: cb0a8ddf5cf4f766466db63279e47761eb825693eeba6a5a95ee4ec8cb8f81ede70aa7f9d8aeec083e781d47154290eb5d4d26b3f7a465ec57fb9e7d59c47150
  languageName: node
  linkType: hard

"buffer@npm:^5.2.1, buffer@npm:^5.5.0":
  version: 5.7.1
  resolution: "buffer@npm:5.7.1"
  dependencies:
    base64-js: "npm:^1.3.1"
    ieee754: "npm:^1.1.13"
  checksum: 27cac81cff434ed2876058d72e7c4789d11ff1120ef32c9de48f59eab58179b66710c488987d295ae89a228f835fc66d088652dffeb8e3ba8659f80eb091d55e
  languageName: node
  linkType: hard

"callsites@npm:^3.0.0":
  version: 3.1.0
  resolution: "callsites@npm:3.1.0"
  checksum: fff92277400eb06c3079f9e74f3af120db9f8ea03bad0e84d9aede54bbe2d44a56cccb5f6cf12211f93f52306df87077ecec5b712794c5a9b5dac6d615a3f301
  languageName: node
  linkType: hard

"chalk@npm:^2.0.0":
  version: 2.4.2
  resolution: "chalk@npm:2.4.2"
  dependencies:
    ansi-styles: "npm:^3.2.1"
    escape-string-regexp: "npm:^1.0.5"
    supports-color: "npm:^5.3.0"
  checksum: e6543f02ec877732e3a2d1c3c3323ddb4d39fbab687c23f526e25bd4c6a9bf3b83a696e8c769d078e04e5754921648f7821b2a2acfd16c550435fd630026e073
  languageName: node
  linkType: hard

"chownr@npm:^1.1.1":
  version: 1.1.4
  resolution: "chownr@npm:1.1.4"
  checksum: ed57952a84cc0c802af900cf7136de643d3aba2eecb59d29344bc2f3f9bf703a301b9d84cdc71f82c3ffc9ccde831b0d92f5b45f91727d6c9da62f23aef9d9db
  languageName: node
  linkType: hard

"chromium-bidi@npm:0.4.5":
  version: 0.4.5
  resolution: "chromium-bidi@npm:0.4.5"
  dependencies:
    mitt: "npm:3.0.0"
  peerDependencies:
    devtools-protocol: "*"
  checksum: 297656e8fb91934a9fe14c3f9a0e96a38cf067d0be9fbf4ae07ffd6d559cf51955a6ef49609ff6dd69215a7c8ac92714642c5b4eec5acb10f30b1c3bf3a16274
  languageName: node
  linkType: hard

"color-convert@npm:^1.9.0":
  version: 1.9.3
  resolution: "color-convert@npm:1.9.3"
  dependencies:
    color-name: "npm:1.1.3"
  checksum: 5ad3c534949a8c68fca8fbc6f09068f435f0ad290ab8b2f76841b9e6af7e0bb57b98cb05b0e19fe33f5d91e5a8611ad457e5f69e0a484caad1f7487fd0e8253c
  languageName: node
  linkType: hard

"color-name@npm:1.1.3":
  version: 1.1.3
  resolution: "color-name@npm:1.1.3"
  checksum: 566a3d42cca25b9b3cd5528cd7754b8e89c0eb646b7f214e8e2eaddb69994ac5f0557d9c175eb5d8f0ad73531140d9c47525085ee752a91a2ab15ab459caf6d6
  languageName: node
  linkType: hard

"cosmiconfig@npm:8.1.3":
  version: 8.1.3
  resolution: "cosmiconfig@npm:8.1.3"
  dependencies:
    import-fresh: "npm:^3.2.1"
    js-yaml: "npm:^4.1.0"
    parse-json: "npm:^5.0.0"
    path-type: "npm:^4.0.0"
  checksum: 80144be230b89857e7c4cafd59ba8feb3f5f7e6dae90faa324629fdecf9a6fc3f5b4106c3623f69a1a3d77cb11ef90e5ab65a67f21d73ffda3d76b18f8e4e6c2
  languageName: node
  linkType: hard

"create-require@npm:^1.1.0":
  version: 1.1.1
  resolution: "create-require@npm:1.1.1"
  checksum: 157cbc59b2430ae9a90034a5f3a1b398b6738bf510f713edc4d4e45e169bc514d3d99dd34d8d01ca7ae7830b5b8b537e46ae8f3c8f932371b0875c0151d7ec91
  languageName: node
  linkType: hard

"cross-fetch@npm:3.1.5":
  version: 3.1.5
  resolution: "cross-fetch@npm:3.1.5"
  dependencies:
    node-fetch: "npm:2.6.7"
  checksum: 29b457f8df11b46b8388a53c947de80bfe04e6466a59c1628c9870b48505b90ec1d28a05b543a0247416a99f1cfe147d1efe373afdeb46a192334ba5fe91b871
  languageName: node
  linkType: hard

"debug@npm:4, debug@npm:4.3.4, debug@npm:^4.1.1":
  version: 4.3.4
  resolution: "debug@npm:4.3.4"
  dependencies:
    ms: "npm:2.1.2"
  peerDependenciesMeta:
    supports-color:
      optional: true
  checksum: cedbec45298dd5c501d01b92b119cd3faebe5438c3917ff11ae1bff86a6c722930ac9c8659792824013168ba6db7c4668225d845c633fbdafbbf902a6389f736
  languageName: node
  linkType: hard

"dev-quotes@workspace:.":
  version: 0.0.0-use.local
  resolution: "dev-quotes@workspace:."
  dependencies:
    "@types/adm-zip": "npm:^0.5.0"
    adm-zip: "npm:^0.5.10"
    prettier: "npm:^2.8.7"
    puppeteer: "npm:^19.8.0"
    ts-node: "npm:^10.9.1"
    typescript: "npm:^5.0.2"
  languageName: unknown
  linkType: soft

"devtools-protocol@npm:0.0.1107588":
  version: 0.0.1107588
  resolution: "devtools-protocol@npm:0.0.1107588"
  checksum: a9bed41ac5808d77807a62a5ee2b4d29be7690d1373d13d669e25b405b5e8ea9159646d01fed3336238e40f14bae62a0b3ef22ca7d1ac4735ad5740c5199dec1
  languageName: node
  linkType: hard

"diff@npm:^4.0.1":
  version: 4.0.2
  resolution: "diff@npm:4.0.2"
  checksum: 81b91f9d39c4eaca068eb0c1eb0e4afbdc5bb2941d197f513dd596b820b956fef43485876226d65d497bebc15666aa2aa82c679e84f65d5f2bfbf14ee46e32c1
  languageName: node
  linkType: hard

"end-of-stream@npm:^1.1.0, end-of-stream@npm:^1.4.1":
  version: 1.4.4
  resolution: "end-of-stream@npm:1.4.4"
  dependencies:
    once: "npm:^1.4.0"
  checksum: 870b423afb2d54bb8d243c63e07c170409d41e20b47eeef0727547aea5740bd6717aca45597a9f2745525667a6b804c1e7bede41f856818faee5806dd9ff3975
  languageName: node
  linkType: hard

"error-ex@npm:^1.3.1":
  version: 1.3.2
  resolution: "error-ex@npm:1.3.2"
  dependencies:
    is-arrayish: "npm:^0.2.1"
  checksum: ba827f89369b4c93382cfca5a264d059dfefdaa56ecc5e338ffa58a6471f5ed93b71a20add1d52290a4873d92381174382658c885ac1a2305f7baca363ce9cce
  languageName: node
  linkType: hard

"escape-string-regexp@npm:^1.0.5":
  version: 1.0.5
  resolution: "escape-string-regexp@npm:1.0.5"
  checksum: a968ad453dd0c2724e14a4f20e177aaf32bb384ab41b674a8454afe9a41c5e6fe8903323e0a1052f56289d04bd600f81278edf140b0fcc02f5cac98d0f5b5371
  languageName: node
  linkType: hard

"extract-zip@npm:2.0.1":
  version: 2.0.1
  resolution: "extract-zip@npm:2.0.1"
  dependencies:
    "@types/yauzl": "npm:^2.9.1"
    debug: "npm:^4.1.1"
    get-stream: "npm:^5.1.0"
    yauzl: "npm:^2.10.0"
  dependenciesMeta:
    "@types/yauzl":
      optional: true
  bin:
    extract-zip: cli.js
  checksum: 9afbd46854aa15a857ae0341a63a92743a7b89c8779102c3b4ffc207516b2019337353962309f85c66ee3d9092202a83cdc26dbf449a11981272038443974aee
  languageName: node
  linkType: hard

"fd-slicer@npm:~1.1.0":
  version: 1.1.0
  resolution: "fd-slicer@npm:1.1.0"
  dependencies:
    pend: "npm:~1.2.0"
  checksum: 304dd70270298e3ffe3bcc05e6f7ade2511acc278bc52d025f8918b48b6aa3b77f10361bddfadfe2a28163f7af7adbdce96f4d22c31b2f648ba2901f0c5fc20e
  languageName: node
  linkType: hard

"fs-constants@npm:^1.0.0":
  version: 1.0.0
  resolution: "fs-constants@npm:1.0.0"
  checksum: a0cde99085f0872f4d244e83e03a46aa387b74f5a5af750896c6b05e9077fac00e9932fdf5aef84f2f16634cd473c63037d7a512576da7d5c2b9163d1909f3a8
  languageName: node
  linkType: hard

"get-stream@npm:^5.1.0":
  version: 5.2.0
  resolution: "get-stream@npm:5.2.0"
  dependencies:
    pump: "npm:^3.0.0"
  checksum: 43797ffd815fbb26685bf188c8cfebecb8af87b3925091dd7b9a9c915993293d78e3c9e1bce125928ff92f2d0796f3889b92b5ec6d58d1041b574682132e0a80
  languageName: node
  linkType: hard

"has-flag@npm:^3.0.0":
  version: 3.0.0
  resolution: "has-flag@npm:3.0.0"
  checksum: 1c6c83b14b8b1b3c25b0727b8ba3e3b647f99e9e6e13eb7322107261de07a4c1be56fc0d45678fc376e09772a3a1642ccdaf8fc69bdf123b6c086598397ce473
  languageName: node
  linkType: hard

"https-proxy-agent@npm:5.0.1":
  version: 5.0.1
  resolution: "https-proxy-agent@npm:5.0.1"
  dependencies:
    agent-base: "npm:6"
    debug: "npm:4"
  checksum: 6dd639f03434003577c62b27cafdb864784ef19b2de430d8ae2a1d45e31c4fd60719e5637b44db1a88a046934307da7089e03d6089ec3ddacc1189d8de8897d1
  languageName: node
  linkType: hard

"ieee754@npm:^1.1.13":
  version: 1.2.1
  resolution: "ieee754@npm:1.2.1"
  checksum: b0782ef5e0935b9f12883a2e2aa37baa75da6e66ce6515c168697b42160807d9330de9a32ec1ed73149aea02e0d822e572bca6f1e22bdcbd2149e13b050b17bb
  languageName: node
  linkType: hard

"import-fresh@npm:^3.2.1":
  version: 3.3.0
  resolution: "import-fresh@npm:3.3.0"
  dependencies:
    parent-module: "npm:^1.0.0"
    resolve-from: "npm:^4.0.0"
  checksum: 7f882953aa6b740d1f0e384d0547158bc86efbf2eea0f1483b8900a6f65c5a5123c2cf09b0d542cc419d0b98a759ecaeb394237e97ea427f2da221dc3cd80cc3
  languageName: node
  linkType: hard

"inherits@npm:^2.0.3, inherits@npm:^2.0.4":
  version: 2.0.4
  resolution: "inherits@npm:2.0.4"
  checksum: 4e531f648b29039fb7426fb94075e6545faa1eb9fe83c29f0b6d9e7263aceb4289d2d4557db0d428188eeb449cc7c5e77b0a0b2c4e248ff2a65933a0dee49ef2
  languageName: node
  linkType: hard

"is-arrayish@npm:^0.2.1":
  version: 0.2.1
  resolution: "is-arrayish@npm:0.2.1"
  checksum: e7fb686a739068bb70f860b39b67afc62acc62e36bb61c5f965768abce1873b379c563e61dd2adad96ebb7edf6651111b385e490cf508378959b0ed4cac4e729
  languageName: node
  linkType: hard

"js-tokens@npm:^4.0.0":
  version: 4.0.0
  resolution: "js-tokens@npm:4.0.0"
  checksum: e248708d377aa058eacf2037b07ded847790e6de892bbad3dac0abba2e759cb9f121b00099a65195616badcb6eca8d14d975cb3e89eb1cfda644756402c8aeed
  languageName: node
  linkType: hard

"js-yaml@npm:^4.1.0":
  version: 4.1.0
  resolution: "js-yaml@npm:4.1.0"
  dependencies:
    argparse: "npm:^2.0.1"
  bin:
    js-yaml: bin/js-yaml.js
  checksum: 184a24b4eaacfce40ad9074c64fd42ac83cf74d8c8cd137718d456ced75051229e5061b8633c3366b8aada17945a7a356b337828c19da92b51ae62126575018f
  languageName: node
  linkType: hard

"json-parse-even-better-errors@npm:^2.3.0":
  version: 2.3.1
  resolution: "json-parse-even-better-errors@npm:2.3.1"
  checksum: 140932564c8f0b88455432e0f33c4cb4086b8868e37524e07e723f4eaedb9425bdc2bafd71bd1d9765bd15fd1e2d126972bc83990f55c467168c228c24d665f3
  languageName: node
  linkType: hard

"lines-and-columns@npm:^1.1.6":
  version: 1.2.4
  resolution: "lines-and-columns@npm:1.2.4"
  checksum: 3da6ee62d4cd9f03f5dc90b4df2540fb85b352081bee77fe4bbcd12c9000ead7f35e0a38b8d09a9bb99b13223446dd8689ff3c4959807620726d788701a83d2d
  languageName: node
  linkType: hard

"make-error@npm:^1.1.1":
  version: 1.3.6
  resolution: "make-error@npm:1.3.6"
  checksum: 171e458d86854c6b3fc46610cfacf0b45149ba043782558c6875d9f42f222124384ad0b468c92e996d815a8a2003817a710c0a160e49c1c394626f76fa45396f
  languageName: node
  linkType: hard

"mitt@npm:3.0.0":
  version: 3.0.0
  resolution: "mitt@npm:3.0.0"
  checksum: c530c7747d5de7c9976c83d7c2450d9dfddbfed45f7e8b55e5e197be68dbed80e509a8aae97807ae6945dc79f3922d49b2813f3c08fd20cf8aa6a6a47e454a36
  languageName: node
  linkType: hard

"mkdirp-classic@npm:^0.5.2":
  version: 0.5.3
  resolution: "mkdirp-classic@npm:0.5.3"
  checksum: 95371d831d196960ddc3833cc6907e6b8f67ac5501a6582f47dfae5eb0f092e9f8ce88e0d83afcae95d6e2b61a01741ba03714eeafb6f7a6e9dcc158ac85b168
  languageName: node
  linkType: hard

"ms@npm:2.1.2":
  version: 2.1.2
  resolution: "ms@npm:2.1.2"
  checksum: a437714e2f90dbf881b5191d35a6db792efbca5badf112f87b9e1c712aace4b4b9b742dd6537f3edf90fd6f684de897cec230abde57e87883766712ddda297cc
  languageName: node
  linkType: hard

"node-fetch@npm:2.6.7":
  version: 2.6.7
  resolution: "node-fetch@npm:2.6.7"
  dependencies:
    whatwg-url: "npm:^5.0.0"
  peerDependencies:
    encoding: ^0.1.0
  peerDependenciesMeta:
    encoding:
      optional: true
  checksum: fcae80f5ac52fbf5012f5e19df2bd3915e67d3b3ad51cb5942943df2238d32ba15890fecabd0e166876a9f98a581ab50f3f10eb942b09405c49ef8da36b826c7
  languageName: node
  linkType: hard

"once@npm:^1.3.1, once@npm:^1.4.0":
  version: 1.4.0
  resolution: "once@npm:1.4.0"
  dependencies:
    wrappy: "npm:1"
  checksum: 5d48aca287dfefabd756621c5dfce5c91a549a93e9fdb7b8246bc4c4790aa2ec17b34a260530474635147aeb631a2dcc8b32c613df0675f96041cbb8244517d0
  languageName: node
  linkType: hard

"parent-module@npm:^1.0.0":
  version: 1.0.1
  resolution: "parent-module@npm:1.0.1"
  dependencies:
    callsites: "npm:^3.0.0"
  checksum: c63d6e80000d4babd11978e0d3fee386ca7752a02b035fd2435960ffaa7219dc42146f07069fb65e6e8bf1caef89daf9af7535a39bddf354d78bf50d8294f556
  languageName: node
  linkType: hard

"parse-json@npm:^5.0.0":
  version: 5.2.0
  resolution: "parse-json@npm:5.2.0"
  dependencies:
    "@babel/code-frame": "npm:^7.0.0"
    error-ex: "npm:^1.3.1"
    json-parse-even-better-errors: "npm:^2.3.0"
    lines-and-columns: "npm:^1.1.6"
  checksum: 77947f2253005be7a12d858aedbafa09c9ae39eb4863adf330f7b416ca4f4a08132e453e08de2db46459256fb66afaac5ee758b44fe6541b7cdaf9d252e59585
  languageName: node
  linkType: hard

"path-type@npm:^4.0.0":
  version: 4.0.0
  resolution: "path-type@npm:4.0.0"
  checksum: 666f6973f332f27581371efaf303fd6c272cc43c2057b37aa99e3643158c7e4b2626549555d88626e99ea9e046f82f32e41bbde5f1508547e9a11b149b52387c
  languageName: node
  linkType: hard

"pend@npm:~1.2.0":
  version: 1.2.0
  resolution: "pend@npm:1.2.0"
  checksum: 8a87e63f7a4afcfb0f9f77b39bb92374afc723418b9cb716ee4257689224171002e07768eeade4ecd0e86f1fa3d8f022994219fb45634f2dbd78c6803e452458
  languageName: node
  linkType: hard

"prettier@npm:^2.8.7":
  version: 2.8.7
  resolution: "prettier@npm:2.8.7"
  bin:
    prettier: bin-prettier.js
  checksum: 84c5b62f7d4909ae5b18b1a4cee67f6a30a548244c8919e67158dee1453f4fa4ff4d291c6f2e41e21d443a0c405f03ec27690502d4ad90c3a7c59bcaf38b51ba
  languageName: node
  linkType: hard

"progress@npm:2.0.3":
  version: 2.0.3
  resolution: "progress@npm:2.0.3"
  checksum: 1697e07cb1068055dbe9fe858d242368ff5d2073639e652b75a7eb1f2a1a8d4afd404d719de23c7b48481a6aa0040686310e2dac2f53d776daa2176d3f96369c
  languageName: node
  linkType: hard

"proxy-from-env@npm:1.1.0":
  version: 1.1.0
  resolution: "proxy-from-env@npm:1.1.0"
  checksum: fe7dd8b1bdbbbea18d1459107729c3e4a2243ca870d26d34c2c1bcd3e4425b7bcc5112362df2d93cc7fb9746f6142b5e272fd1cc5c86ddf8580175186f6ad42b
  languageName: node
  linkType: hard

"pump@npm:^3.0.0":
  version: 3.0.0
  resolution: "pump@npm:3.0.0"
  dependencies:
    end-of-stream: "npm:^1.1.0"
    once: "npm:^1.3.1"
  checksum: bbdeda4f747cdf47db97428f3a135728669e56a0ae5f354a9ac5b74556556f5446a46f720a8f14ca2ece5be9b4d5d23c346db02b555f46739934cc6c093a5478
  languageName: node
  linkType: hard

"puppeteer-core@npm:19.8.0":
  version: 19.8.0
  resolution: "puppeteer-core@npm:19.8.0"
  dependencies:
    chromium-bidi: "npm:0.4.5"
    cross-fetch: "npm:3.1.5"
    debug: "npm:4.3.4"
    devtools-protocol: "npm:0.0.1107588"
    extract-zip: "npm:2.0.1"
    https-proxy-agent: "npm:5.0.1"
    proxy-from-env: "npm:1.1.0"
    tar-fs: "npm:2.1.1"
    unbzip2-stream: "npm:1.4.3"
    ws: "npm:8.13.0"
  peerDependencies:
    typescript: ">= 4.7.4"
  peerDependenciesMeta:
    typescript:
      optional: true
  checksum: e3629c9d03371b8223cc6124f4c286262228e9b095a648861eaabe5aceb64eb7d3cbf20e84bd75f0ae3e6775f196b068c8e3c5f89295ceb5e396da114879e020
  languageName: node
  linkType: hard

"puppeteer@npm:^19.8.0":
  version: 19.8.0
  resolution: "puppeteer@npm:19.8.0"
  dependencies:
    cosmiconfig: "npm:8.1.3"
    https-proxy-agent: "npm:5.0.1"
    progress: "npm:2.0.3"
    proxy-from-env: "npm:1.1.0"
    puppeteer-core: "npm:19.8.0"
  checksum: 0bb9dd1222a7b57fa99d6f1df5cc5200e27a02d200bed295712887fe777ad51ac9f83f88e0adaace11d3f242b7888edad50b760da819c908192d40e8fef8703e
  languageName: node
  linkType: hard

"readable-stream@npm:^3.1.1, readable-stream@npm:^3.4.0":
  version: 3.6.2
  resolution: "readable-stream@npm:3.6.2"
  dependencies:
    inherits: "npm:^2.0.3"
    string_decoder: "npm:^1.1.1"
    util-deprecate: "npm:^1.0.1"
  checksum: e37be5c79c376fdd088a45fa31ea2e423e5d48854be7a22a58869b4e84d25047b193f6acb54f1012331e1bcd667ffb569c01b99d36b0bd59658fb33f513511b7
  languageName: node
  linkType: hard

"resolve-from@npm:^4.0.0":
  version: 4.0.0
  resolution: "resolve-from@npm:4.0.0"
  checksum: 8408eec31a3112ef96e3746c37be7d64020cda07c03a920f5024e77290a218ea758b26ca9529fd7b1ad283947f34b2291c1c0f6aa0ed34acfdda9c6014c8d190
  languageName: node
  linkType: hard

"safe-buffer@npm:~5.2.0":
  version: 5.2.1
  resolution: "safe-buffer@npm:5.2.1"
  checksum: 6501914237c0a86e9675d4e51d89ca3c21ffd6a31642efeba25ad65720bce6921c9e7e974e5be91a786b25aa058b5303285d3c15dbabf983a919f5f630d349f3
  languageName: node
  linkType: hard

"string_decoder@npm:^1.1.1":
  version: 1.3.0
  resolution: "string_decoder@npm:1.3.0"
  dependencies:
    safe-buffer: "npm:~5.2.0"
  checksum: 810614ddb030e271cd591935dcd5956b2410dd079d64ff92a1844d6b7588bf992b3e1b69b0f4d34a3e06e0bd73046ac646b5264c1987b20d0601f81ef35d731d
  languageName: node
  linkType: hard

"supports-color@npm:^5.3.0":
  version: 5.5.0
  resolution: "supports-color@npm:5.5.0"
  dependencies:
    has-flag: "npm:^3.0.0"
  checksum: 6ae5ff319bfbb021f8a86da8ea1f8db52fac8bd4d499492e30ec17095b58af11f0c55f8577390a749b1c4dde691b6a0315dab78f5f54c9b3d83f8fb5905c1c05
  languageName: node
  linkType: hard

"tar-fs@npm:2.1.1":
  version: 2.1.1
  resolution: "tar-fs@npm:2.1.1"
  dependencies:
    chownr: "npm:^1.1.1"
    mkdirp-classic: "npm:^0.5.2"
    pump: "npm:^3.0.0"
    tar-stream: "npm:^2.1.4"
  checksum: 871d26a934bfb7beeae4c4d8a09689f530b565f79bd0cf489823ff0efa3705da01278160da10bb006d1a793fa0425cf316cec029b32a9159eacbeaff4965fb6d
  languageName: node
  linkType: hard

"tar-stream@npm:^2.1.4":
  version: 2.2.0
  resolution: "tar-stream@npm:2.2.0"
  dependencies:
    bl: "npm:^4.0.3"
    end-of-stream: "npm:^1.4.1"
    fs-constants: "npm:^1.0.0"
    inherits: "npm:^2.0.3"
    readable-stream: "npm:^3.1.1"
  checksum: 2f4c910b3ee7196502e1ff015a7ba321ec6ea837667220d7bcb8d0852d51cb04b87f7ae471008a6fb8f5b1a1b5078f62f3a82d30c706f20ada1238ac797e7692
  languageName: node
  linkType: hard

"through@npm:^2.3.8":
  version: 2.3.8
  resolution: "through@npm:2.3.8"
  checksum: 4b09f3774099de0d4df26d95c5821a62faee32c7e96fb1f4ebd54a2d7c11c57fe88b0a0d49cf375de5fee5ae6bf4eb56dbbf29d07366864e2ee805349970d3cc
  languageName: node
  linkType: hard

"tr46@npm:~0.0.3":
  version: 0.0.3
  resolution: "tr46@npm:0.0.3"
  checksum: 047cb209a6b60c742f05c9d3ace8fa510bff609995c129a37ace03476a9b12db4dbf975e74600830ef0796e18882b2381fb5fb1f6b4f96b832c374de3ab91a11
  languageName: node
  linkType: hard

"ts-node@npm:^10.9.1":
  version: 10.9.1
  resolution: "ts-node@npm:10.9.1"
  dependencies:
    "@cspotcode/source-map-support": "npm:^0.8.0"
    "@tsconfig/node10": "npm:^1.0.7"
    "@tsconfig/node12": "npm:^1.0.7"
    "@tsconfig/node14": "npm:^1.0.0"
    "@tsconfig/node16": "npm:^1.0.2"
    acorn: "npm:^8.4.1"
    acorn-walk: "npm:^8.1.1"
    arg: "npm:^4.1.0"
    create-require: "npm:^1.1.0"
    diff: "npm:^4.0.1"
    make-error: "npm:^1.1.1"
    v8-compile-cache-lib: "npm:^3.0.1"
    yn: "npm:3.1.1"
  peerDependencies:
    "@swc/core": ">=1.2.50"
    "@swc/wasm": ">=1.2.50"
    "@types/node": "*"
    typescript: ">=2.7"
  peerDependenciesMeta:
    "@swc/core":
      optional: true
    "@swc/wasm":
      optional: true
  bin:
    ts-node: dist/bin.js
    ts-node-cwd: dist/bin-cwd.js
    ts-node-esm: dist/bin-esm.js
    ts-node-script: dist/bin-script.js
    ts-node-transpile-only: dist/bin-transpile.js
    ts-script: dist/bin-script-deprecated.js
  checksum: 95187932fb83f3901e22546bd2feeac7d2feb4f412f42ac3a595f049a23e8dcf70516dffb51866391228ea2dbcfaea039e250fb2bb334d48a86ab2b6aea0ae2d
  languageName: node
  linkType: hard

"typescript@npm:^5.0.2":
  version: 5.0.2
  resolution: "typescript@npm:5.0.2"
  bin:
    tsc: bin/tsc
    tsserver: bin/tsserver
  checksum: aa0e2a766412a0c9f609133681753cc88098aa44e079820d203dc0628a8fc3997d4e6b93c2c813c483f770698561c3225c5ab3e5c8896639cfc5d94528e3005f
  languageName: node
  linkType: hard

"typescript@patch:typescript@npm%3A^5.0.2#optional!builtin<compat/typescript>":
  version: 5.0.2
  resolution: "typescript@patch:typescript@npm%3A5.0.2#optional!builtin<compat/typescript>::version=5.0.2&hash=b5f058"
  bin:
    tsc: bin/tsc
    tsserver: bin/tsserver
  checksum: 7889472e5f13d6c6df993f8cc26ac5bd9d27ed5e5e865afc150ceffb5c02d944e27e5e92dfd730232a9180549c6b7d3f622deacd1d96c0457cba72e17ed6901f
  languageName: node
  linkType: hard

"unbzip2-stream@npm:1.4.3":
  version: 1.4.3
  resolution: "unbzip2-stream@npm:1.4.3"
  dependencies:
    buffer: "npm:^5.2.1"
    through: "npm:^2.3.8"
  checksum: 2ea2048f3c9db3499316ccc1d95ff757017ccb6f46c812d7c42466247e3b863fb178864267482f7f178254214247779daf68e85f50bd7736c3c97ba2d58b910a
  languageName: node
  linkType: hard

"util-deprecate@npm:^1.0.1":
  version: 1.0.2
  resolution: "util-deprecate@npm:1.0.2"
  checksum: 41a5bdd214df2f6c3ecf8622745e4a366c4adced864bc3c833739791aeeeb1838119af7daed4ba36428114b5c67dcda034a79c882e97e43c03e66a4dd7389942
  languageName: node
  linkType: hard

"v8-compile-cache-lib@npm:^3.0.1":
  version: 3.0.1
  resolution: "v8-compile-cache-lib@npm:3.0.1"
  checksum: bdc36fb8095d3b41df197f5fb6f11e3a26adf4059df3213e3baa93810d8f0cc76f9a74aaefc18b73e91fe7e19154ed6f134eda6fded2e0f1c8d2272ed2d2d391
  languageName: node
  linkType: hard

"webidl-conversions@npm:^3.0.0":
  version: 3.0.1
  resolution: "webidl-conversions@npm:3.0.1"
  checksum: 5612d5f3e54760a797052eb4927f0ddc01383550f542ccd33d5238cfd65aeed392a45ad38364970d0a0f4fea32e1f4d231b3d8dac4a3bdd385e5cf802ae097db
  languageName: node
  linkType: hard

"whatwg-url@npm:^5.0.0":
  version: 5.0.0
  resolution: "whatwg-url@npm:5.0.0"
  dependencies:
    tr46: "npm:~0.0.3"
    webidl-conversions: "npm:^3.0.0"
  checksum: 1588bed84d10b72d5eec1d0faa0722ba1962f1821e7539c535558fb5398d223b0c50d8acab950b8c488b4ba69043fd833cc2697056b167d8ad46fac3995a55d5
  languageName: node
  linkType: hard

"wrappy@npm:1":
  version: 1.0.2
  resolution: "wrappy@npm:1.0.2"
  checksum: 56fece1a4018c6a6c8e28fbc88c87e0fbf4ea8fd64fc6c63b18f4acc4bd13e0ad2515189786dd2c30d3eec9663d70f4ecf699330002f8ccb547e4a18231fc9f0
  languageName: node
  linkType: hard

"ws@npm:8.13.0":
  version: 8.13.0
  resolution: "ws@npm:8.13.0"
  peerDependencies:
    bufferutil: ^4.0.1
    utf-8-validate: ">=5.0.2"
  peerDependenciesMeta:
    bufferutil:
      optional: true
    utf-8-validate:
      optional: true
  checksum: 579817dbbab3ee46669129c220cfd81ba6cdb9ab5c3e9a105702dd045743c4ab72e33bb384573827c0c481213417cc880e41bc097e0fc541a0b79fa3eb38207d
  languageName: node
  linkType: hard

"yauzl@npm:^2.10.0":
  version: 2.10.0
  resolution: "yauzl@npm:2.10.0"
  dependencies:
    buffer-crc32: "npm:~0.2.3"
    fd-slicer: "npm:~1.1.0"
  checksum: f265002af7541b9ec3589a27f5fb8f11cf348b53cc15e2751272e3c062cd73f3e715bc72d43257de71bbaecae446c3f1b14af7559e8ab0261625375541816422
  languageName: node
  linkType: hard

"yn@npm:3.1.1":
  version: 3.1.1
  resolution: "yn@npm:3.1.1"
  checksum: 0732468dd7622ed8a274f640f191f3eaf1f39d5349a1b72836df484998d7d9807fbea094e2f5486d6b0cd2414aad5775972df0e68f8604db89a239f0f4bf7443
  languageName: node
  linkType: hard
